{
  "version": 4,
  "terraform_version": "1.9.4",
  "serial": 452,
  "lineage": "c29fe2f4-dc45-24c7-6f3d-e78449b1ed0e",
  "outputs": {},
  "resources": [
    {
      "module": "module.api_gateway",
      "mode": "managed",
      "type": "aws_api_gateway_authorizer",
      "name": "cognito_auth",
      "provider": "provider[\"registry.terraform.io/hashicorp/aws\"]",
      "instances": [
        {
          "schema_version": 0,
          "attributes": {
            "arn": "arn:aws:apigateway:ap-south-1::/restapis/7nvl1h3m80/authorizers/yzdyhr",
            "authorizer_credentials": "",
            "authorizer_result_ttl_in_seconds": 300,
            "authorizer_uri": "",
            "id": "yzdyhr",
            "identity_source": "method.request.header.Authorization",
            "identity_validation_expression": "",
            "name": "granimals-cognito-authorizer",
            "provider_arns": [
              "arn:aws:cognito-idp:ap-south-1:211125304405:userpool/ap-south-1_gaMIQZSBN"
            ],
            "rest_api_id": "7nvl1h3m80",
            "type": "COGNITO_USER_POOLS"
          },
          "sensitive_attributes": [],
          "private": "bnVsbA==",
          "dependencies": [
            "module.api_gateway.aws_api_gateway_rest_api.auth_api"
          ],
          "create_before_destroy": true
        }
      ]
    },
    {
      "module": "module.api_gateway",
      "mode": "managed",
      "type": "aws_api_gateway_deployment",
      "name": "auth_deployment",
      "provider": "provider[\"registry.terraform.io/hashicorp/aws\"]",
      "instances": [
        {
          "schema_version": 0,
          "attributes": {
            "canary_settings": [],
            "created_date": "2025-08-11T06:53:10Z",
            "description": "Deployment for API Gateway",
            "execution_arn": "arn:aws:execute-api:ap-south-1:211125304405:7nvl1h3m80/",
            "id": "qds12z",
            "invoke_url": "https://7nvl1h3m80.execute-api.ap-south-1.amazonaws.com/",
            "rest_api_id": "7nvl1h3m80",
            "stage_description": null,
            "stage_name": null,
            "triggers": {
              "redeployment": "2025-08-11T06:53:09Z"
            },
            "variables": null
          },
          "sensitive_attributes": [],
          "private": "bnVsbA==",
          "dependencies": [
            "module.api_gateway.aws_api_gateway_authorizer.cognito_auth",
            "module.api_gateway.aws_api_gateway_integration.change_password_integration",
            "module.api_gateway.aws_api_gateway_integration.delete_user_integration",
            "module.api_gateway.aws_api_gateway_integration.insert_diet_plan_integration",
            "module.api_gateway.aws_api_gateway_integration.login_integration",
            "module.api_gateway.aws_api_gateway_integration.register_user_integration",
            "module.api_gateway.aws_api_gateway_method.change_password_any",
            "module.api_gateway.aws_api_gateway_method.delete_user_any",
            "module.api_gateway.aws_api_gateway_method.insert_diet_plan_any",
            "module.api_gateway.aws_api_gateway_method.login_any",
            "module.api_gateway.aws_api_gateway_method.register_user_any",
            "module.api_gateway.aws_api_gateway_resource.change_password",
            "module.api_gateway.aws_api_gateway_resource.delete_user",
            "module.api_gateway.aws_api_gateway_resource.insert_diet_plan",
            "module.api_gateway.aws_api_gateway_resource.login",
            "module.api_gateway.aws_api_gateway_resource.register_user",
            "module.api_gateway.aws_api_gateway_rest_api.auth_api",
            "module.lambda_change_password.aws_iam_policy.cognito_access_policy",
            "module.lambda_change_password.aws_iam_role.lambda_exec_role",
            "module.lambda_change_password.aws_iam_role_policy_attachment.lambda_basic_execution",
            "module.lambda_change_password.aws_iam_role_policy_attachment.lambda_cognito_access",
            "module.lambda_change_password.aws_iam_role_policy_attachment.lambda_logs",
            "module.lambda_change_password.aws_lambda_function.lambda_function",
            "module.lambda_delete_user.aws_iam_policy.cognito_access_policy",
            "module.lambda_delete_user.aws_iam_role.lambda_exec_role",
            "module.lambda_delete_user.aws_iam_role_policy_attachment.lambda_basic_execution",
            "module.lambda_delete_user.aws_iam_role_policy_attachment.lambda_cognito_access",
            "module.lambda_delete_user.aws_iam_role_policy_attachment.lambda_logs",
            "module.lambda_delete_user.aws_lambda_function.lambda_function",
            "module.lambda_insert_diet_plan.aws_iam_policy.cognito_access_policy",
            "module.lambda_insert_diet_plan.aws_iam_role.lambda_exec_role",
            "module.lambda_insert_diet_plan.aws_iam_role_policy_attachment.lambda_basic_execution",
            "module.lambda_insert_diet_plan.aws_iam_role_policy_attachment.lambda_cognito_access",
            "module.lambda_insert_diet_plan.aws_iam_role_policy_attachment.lambda_logs",
            "module.lambda_insert_diet_plan.aws_lambda_function.lambda_function",
            "module.lambda_login.aws_iam_policy.cognito_access_policy",
            "module.lambda_login.aws_iam_role.lambda_exec_role",
            "module.lambda_login.aws_iam_role_policy_attachment.lambda_basic_execution",
            "module.lambda_login.aws_iam_role_policy_attachment.lambda_cognito_access",
            "module.lambda_login.aws_iam_role_policy_attachment.lambda_logs",
            "module.lambda_login.aws_lambda_function.lambda_function",
            "module.lambda_register_user.aws_iam_policy.cognito_access_policy",
            "module.lambda_register_user.aws_iam_role.lambda_exec_role",
            "module.lambda_register_user.aws_iam_role_policy_attachment.lambda_basic_execution",
            "module.lambda_register_user.aws_iam_role_policy_attachment.lambda_cognito_access",
            "module.lambda_register_user.aws_iam_role_policy_attachment.lambda_logs",
            "module.lambda_register_user.aws_lambda_function.lambda_function"
          ],
          "create_before_destroy": true
        }
      ]
    },
    {
      "module": "module.api_gateway",
      "mode": "managed",
      "type": "aws_api_gateway_integration",
      "name": "change_password_integration",
      "provider": "provider[\"registry.terraform.io/hashicorp/aws\"]",
      "instances": [
        {
          "schema_version": 0,
          "attributes": {
            "cache_key_parameters": [],
            "cache_namespace": "ngvylv",
            "connection_id": "",
            "connection_type": "INTERNET",
            "content_handling": "",
            "credentials": "",
            "http_method": "ANY",
            "id": "agi-7nvl1h3m80-ngvylv-ANY",
            "integration_http_method": "POST",
            "passthrough_behavior": "WHEN_NO_MATCH",
            "request_parameters": {},
            "request_templates": {},
            "resource_id": "ngvylv",
            "rest_api_id": "7nvl1h3m80",
            "timeout_milliseconds": 29000,
            "tls_config": [],
            "type": "AWS_PROXY",
            "uri": "arn:aws:apigateway:ap-south-1:lambda:path/2015-03-31/functions/arn:aws:lambda:ap-south-1:211125304405:function:change_password/invocations"
          },
          "sensitive_attributes": [],
          "private": "bnVsbA==",
          "dependencies": [
            "module.api_gateway.aws_api_gateway_authorizer.cognito_auth",
            "module.api_gateway.aws_api_gateway_method.change_password_any",
            "module.api_gateway.aws_api_gateway_resource.change_password",
            "module.api_gateway.aws_api_gateway_rest_api.auth_api",
            "module.lambda_change_password.aws_iam_policy.cognito_access_policy",
            "module.lambda_change_password.aws_iam_role.lambda_exec_role",
            "module.lambda_change_password.aws_iam_role_policy_attachment.lambda_basic_execution",
            "module.lambda_change_password.aws_iam_role_policy_attachment.lambda_cognito_access",
            "module.lambda_change_password.aws_iam_role_policy_attachment.lambda_logs",
            "module.lambda_change_password.aws_lambda_function.lambda_function"
          ],
          "create_before_destroy": true
        }
      ]
    },
    {
      "module": "module.api_gateway",
      "mode": "managed",
      "type": "aws_api_gateway_integration",
      "name": "delete_user_integration",
      "provider": "provider[\"registry.terraform.io/hashicorp/aws\"]",
      "instances": [
        {
          "schema_version": 0,
          "attributes": {
            "cache_key_parameters": [],
            "cache_namespace": "fsob0s",
            "connection_id": "",
            "connection_type": "INTERNET",
            "content_handling": "",
            "credentials": "",
            "http_method": "ANY",
            "id": "agi-7nvl1h3m80-fsob0s-ANY",
            "integration_http_method": "POST",
            "passthrough_behavior": "WHEN_NO_MATCH",
            "request_parameters": {},
            "request_templates": {},
            "resource_id": "fsob0s",
            "rest_api_id": "7nvl1h3m80",
            "timeout_milliseconds": 29000,
            "tls_config": [],
            "type": "AWS_PROXY",
            "uri": "arn:aws:apigateway:ap-south-1:lambda:path/2015-03-31/functions/arn:aws:lambda:ap-south-1:211125304405:function:delete_user/invocations"
          },
          "sensitive_attributes": [],
          "private": "bnVsbA==",
          "dependencies": [
            "module.api_gateway.aws_api_gateway_authorizer.cognito_auth",
            "module.api_gateway.aws_api_gateway_method.delete_user_any",
            "module.api_gateway.aws_api_gateway_resource.delete_user",
            "module.api_gateway.aws_api_gateway_rest_api.auth_api",
            "module.lambda_delete_user.aws_iam_policy.cognito_access_policy",
            "module.lambda_delete_user.aws_iam_role.lambda_exec_role",
            "module.lambda_delete_user.aws_iam_role_policy_attachment.lambda_basic_execution",
            "module.lambda_delete_user.aws_iam_role_policy_attachment.lambda_cognito_access",
            "module.lambda_delete_user.aws_iam_role_policy_attachment.lambda_logs",
            "module.lambda_delete_user.aws_lambda_function.lambda_function"
          ],
          "create_before_destroy": true
        }
      ]
    },
    {
      "module": "module.api_gateway",
      "mode": "managed",
      "type": "aws_api_gateway_integration",
      "name": "insert_diet_plan_integration",
      "provider": "provider[\"registry.terraform.io/hashicorp/aws\"]",
      "instances": [
        {
          "schema_version": 0,
          "attributes": {
            "cache_key_parameters": [],
            "cache_namespace": "wgr3nf",
            "connection_id": "",
            "connection_type": "INTERNET",
            "content_handling": "",
            "credentials": "",
            "http_method": "ANY",
            "id": "agi-7nvl1h3m80-wgr3nf-ANY",
            "integration_http_method": "POST",
            "passthrough_behavior": "WHEN_NO_MATCH",
            "request_parameters": {},
            "request_templates": {},
            "resource_id": "wgr3nf",
            "rest_api_id": "7nvl1h3m80",
            "timeout_milliseconds": 29000,
            "tls_config": [],
            "type": "AWS_PROXY",
            "uri": "arn:aws:apigateway:ap-south-1:lambda:path/2015-03-31/functions/arn:aws:lambda:ap-south-1:211125304405:function:insert_diet_plan/invocations"
          },
          "sensitive_attributes": [],
          "private": "bnVsbA==",
          "dependencies": [
            "module.api_gateway.aws_api_gateway_authorizer.cognito_auth",
            "module.api_gateway.aws_api_gateway_method.insert_diet_plan_any",
            "module.api_gateway.aws_api_gateway_resource.insert_diet_plan",
            "module.api_gateway.aws_api_gateway_rest_api.auth_api",
            "module.lambda_insert_diet_plan.aws_iam_policy.cognito_access_policy",
            "module.lambda_insert_diet_plan.aws_iam_role.lambda_exec_role",
            "module.lambda_insert_diet_plan.aws_iam_role_policy_attachment.lambda_basic_execution",
            "module.lambda_insert_diet_plan.aws_iam_role_policy_attachment.lambda_cognito_access",
            "module.lambda_insert_diet_plan.aws_iam_role_policy_attachment.lambda_logs",
            "module.lambda_insert_diet_plan.aws_lambda_function.lambda_function"
          ],
          "create_before_destroy": true
        }
      ]
    },
    {
      "module": "module.api_gateway",
      "mode": "managed",
      "type": "aws_api_gateway_integration",
      "name": "login_integration",
      "provider": "provider[\"registry.terraform.io/hashicorp/aws\"]",
      "instances": [
        {
          "schema_version": 0,
          "attributes": {
            "cache_key_parameters": [],
            "cache_namespace": "bxqq23",
            "connection_id": "",
            "connection_type": "INTERNET",
            "content_handling": "",
            "credentials": "",
            "http_method": "ANY",
            "id": "agi-7nvl1h3m80-bxqq23-ANY",
            "integration_http_method": "POST",
            "passthrough_behavior": "WHEN_NO_MATCH",
            "request_parameters": {},
            "request_templates": {},
            "resource_id": "bxqq23",
            "rest_api_id": "7nvl1h3m80",
            "timeout_milliseconds": 29000,
            "tls_config": [],
            "type": "AWS_PROXY",
            "uri": "arn:aws:apigateway:ap-south-1:lambda:path/2015-03-31/functions/arn:aws:lambda:ap-south-1:211125304405:function:login/invocations"
          },
          "sensitive_attributes": [],
          "private": "bnVsbA==",
          "dependencies": [
            "module.api_gateway.aws_api_gateway_method.login_any",
            "module.api_gateway.aws_api_gateway_resource.login",
            "module.api_gateway.aws_api_gateway_rest_api.auth_api",
            "module.lambda_login.aws_iam_policy.cognito_access_policy",
            "module.lambda_login.aws_iam_role.lambda_exec_role",
            "module.lambda_login.aws_iam_role_policy_attachment.lambda_basic_execution",
            "module.lambda_login.aws_iam_role_policy_attachment.lambda_cognito_access",
            "module.lambda_login.aws_iam_role_policy_attachment.lambda_logs",
            "module.lambda_login.aws_lambda_function.lambda_function",
            "module.lambda_register_user.aws_iam_policy.cognito_access_policy",
            "module.lambda_register_user.aws_iam_role.lambda_exec_role",
            "module.lambda_register_user.aws_iam_role_policy_attachment.lambda_basic_execution",
            "module.lambda_register_user.aws_iam_role_policy_attachment.lambda_cognito_access",
            "module.lambda_register_user.aws_iam_role_policy_attachment.lambda_logs",
            "module.lambda_register_user.aws_lambda_function.lambda_function"
          ],
          "create_before_destroy": true
        }
      ]
    },
    {
      "module": "module.api_gateway",
      "mode": "managed",
      "type": "aws_api_gateway_integration",
      "name": "register_user_integration",
      "provider": "provider[\"registry.terraform.io/hashicorp/aws\"]",
      "instances": [
        {
          "schema_version": 0,
          "attributes": {
            "cache_key_parameters": [],
            "cache_namespace": "l5yo14",
            "connection_id": "",
            "connection_type": "INTERNET",
            "content_handling": "",
            "credentials": "",
            "http_method": "ANY",
            "id": "agi-7nvl1h3m80-l5yo14-ANY",
            "integration_http_method": "POST",
            "passthrough_behavior": "WHEN_NO_MATCH",
            "request_parameters": {},
            "request_templates": {},
            "resource_id": "l5yo14",
            "rest_api_id": "7nvl1h3m80",
            "timeout_milliseconds": 29000,
            "tls_config": [],
            "type": "AWS_PROXY",
            "uri": "arn:aws:apigateway:ap-south-1:lambda:path/2015-03-31/functions/arn:aws:lambda:ap-south-1:211125304405:function:register_user/invocations"
          },
          "sensitive_attributes": [],
          "private": "bnVsbA==",
          "dependencies": [
            "module.api_gateway.aws_api_gateway_method.register_user_any",
            "module.api_gateway.aws_api_gateway_resource.register_user",
            "module.api_gateway.aws_api_gateway_rest_api.auth_api",
            "module.lambda_register_user.aws_iam_policy.cognito_access_policy",
            "module.lambda_register_user.aws_iam_role.lambda_exec_role",
            "module.lambda_register_user.aws_iam_role_policy_attachment.lambda_basic_execution",
            "module.lambda_register_user.aws_iam_role_policy_attachment.lambda_cognito_access",
            "module.lambda_register_user.aws_iam_role_policy_attachment.lambda_logs",
            "module.lambda_register_user.aws_lambda_function.lambda_function"
          ],
          "create_before_destroy": true
        }
      ]
    },
    {
      "module": "module.api_gateway",
      "mode": "managed",
      "type": "aws_api_gateway_method",
      "name": "change_password_any",
      "provider": "provider[\"registry.terraform.io/hashicorp/aws\"]",
      "instances": [
        {
          "schema_version": 0,
          "attributes": {
            "api_key_required": false,
            "authorization": "COGNITO_USER_POOLS",
            "authorization_scopes": [],
            "authorizer_id": "yzdyhr",
            "http_method": "ANY",
            "id": "agm-7nvl1h3m80-ngvylv-ANY",
            "operation_name": "",
            "request_models": {},
            "request_parameters": {},
            "request_validator_id": "",
            "resource_id": "ngvylv",
            "rest_api_id": "7nvl1h3m80"
          },
          "sensitive_attributes": [],
          "private": "bnVsbA==",
          "dependencies": [
            "module.api_gateway.aws_api_gateway_authorizer.cognito_auth",
            "module.api_gateway.aws_api_gateway_resource.change_password",
            "module.api_gateway.aws_api_gateway_rest_api.auth_api"
          ],
          "create_before_destroy": true
        }
      ]
    },
    {
      "module": "module.api_gateway",
      "mode": "managed",
      "type": "aws_api_gateway_method",
      "name": "delete_user_any",
      "provider": "provider[\"registry.terraform.io/hashicorp/aws\"]",
      "instances": [
        {
          "schema_version": 0,
          "attributes": {
            "api_key_required": false,
            "authorization": "COGNITO_USER_POOLS",
            "authorization_scopes": [],
            "authorizer_id": "yzdyhr",
            "http_method": "ANY",
            "id": "agm-7nvl1h3m80-fsob0s-ANY",
            "operation_name": "",
            "request_models": {},
            "request_parameters": {},
            "request_validator_id": "",
            "resource_id": "fsob0s",
            "rest_api_id": "7nvl1h3m80"
          },
          "sensitive_attributes": [],
          "private": "bnVsbA==",
          "dependencies": [
            "module.api_gateway.aws_api_gateway_authorizer.cognito_auth",
            "module.api_gateway.aws_api_gateway_resource.delete_user",
            "module.api_gateway.aws_api_gateway_rest_api.auth_api"
          ],
          "create_before_destroy": true
        }
      ]
    },
    {
      "module": "module.api_gateway",
      "mode": "managed",
      "type": "aws_api_gateway_method",
      "name": "insert_diet_plan_any",
      "provider": "provider[\"registry.terraform.io/hashicorp/aws\"]",
      "instances": [
        {
          "schema_version": 0,
          "attributes": {
            "api_key_required": false,
            "authorization": "COGNITO_USER_POOLS",
            "authorization_scopes": [],
            "authorizer_id": "yzdyhr",
            "http_method": "ANY",
            "id": "agm-7nvl1h3m80-wgr3nf-ANY",
            "operation_name": "",
            "request_models": {},
            "request_parameters": {},
            "request_validator_id": "",
            "resource_id": "wgr3nf",
            "rest_api_id": "7nvl1h3m80"
          },
          "sensitive_attributes": [],
          "private": "bnVsbA==",
          "dependencies": [
            "module.api_gateway.aws_api_gateway_authorizer.cognito_auth",
            "module.api_gateway.aws_api_gateway_resource.insert_diet_plan",
            "module.api_gateway.aws_api_gateway_rest_api.auth_api"
          ],
          "create_before_destroy": true
        }
      ]
    },
    {
      "module": "module.api_gateway",
      "mode": "managed",
      "type": "aws_api_gateway_method",
      "name": "login_any",
      "provider": "provider[\"registry.terraform.io/hashicorp/aws\"]",
      "instances": [
        {
          "schema_version": 0,
          "attributes": {
            "api_key_required": false,
            "authorization": "NONE",
            "authorization_scopes": [],
            "authorizer_id": "",
            "http_method": "ANY",
            "id": "agm-7nvl1h3m80-bxqq23-ANY",
            "operation_name": "",
            "request_models": {},
            "request_parameters": {},
            "request_validator_id": "",
            "resource_id": "bxqq23",
            "rest_api_id": "7nvl1h3m80"
          },
          "sensitive_attributes": [],
          "private": "bnVsbA==",
          "dependencies": [
            "module.api_gateway.aws_api_gateway_resource.login",
            "module.api_gateway.aws_api_gateway_rest_api.auth_api"
          ],
          "create_before_destroy": true
        }
      ]
    },
    {
      "module": "module.api_gateway",
      "mode": "managed",
      "type": "aws_api_gateway_method",
      "name": "register_user_any",
      "provider": "provider[\"registry.terraform.io/hashicorp/aws\"]",
      "instances": [
        {
          "schema_version": 0,
          "attributes": {
            "api_key_required": false,
            "authorization": "NONE",
            "authorization_scopes": [],
            "authorizer_id": "",
            "http_method": "ANY",
            "id": "agm-7nvl1h3m80-l5yo14-ANY",
            "operation_name": "",
            "request_models": {},
            "request_parameters": {},
            "request_validator_id": "",
            "resource_id": "l5yo14",
            "rest_api_id": "7nvl1h3m80"
          },
          "sensitive_attributes": [],
          "private": "bnVsbA==",
          "dependencies": [
            "module.api_gateway.aws_api_gateway_resource.register_user",
            "module.api_gateway.aws_api_gateway_rest_api.auth_api"
          ],
          "create_before_destroy": true
        }
      ]
    },
    {
      "module": "module.api_gateway",
      "mode": "managed",
      "type": "aws_api_gateway_resource",
      "name": "change_password",
      "provider": "provider[\"registry.terraform.io/hashicorp/aws\"]",
      "instances": [
        {
          "schema_version": 0,
          "attributes": {
            "id": "ngvylv",
            "parent_id": "s2v270ri6g",
            "path": "/change_password",
            "path_part": "change_password",
            "rest_api_id": "7nvl1h3m80"
          },
          "sensitive_attributes": [],
          "private": "bnVsbA==",
          "dependencies": [
            "module.api_gateway.aws_api_gateway_rest_api.auth_api"
          ],
          "create_before_destroy": true
        }
      ]
    },
    {
      "module": "module.api_gateway",
      "mode": "managed",
      "type": "aws_api_gateway_resource",
      "name": "delete_user",
      "provider": "provider[\"registry.terraform.io/hashicorp/aws\"]",
      "instances": [
        {
          "schema_version": 0,
          "attributes": {
            "id": "fsob0s",
            "parent_id": "s2v270ri6g",
            "path": "/delete_user",
            "path_part": "delete_user",
            "rest_api_id": "7nvl1h3m80"
          },
          "sensitive_attributes": [],
          "private": "bnVsbA==",
          "dependencies": [
            "module.api_gateway.aws_api_gateway_rest_api.auth_api"
          ],
          "create_before_destroy": true
        }
      ]
    },
    {
      "module": "module.api_gateway",
      "mode": "managed",
      "type": "aws_api_gateway_resource",
      "name": "insert_diet_plan",
      "provider": "provider[\"registry.terraform.io/hashicorp/aws\"]",
      "instances": [
        {
          "schema_version": 0,
          "attributes": {
            "id": "wgr3nf",
            "parent_id": "s2v270ri6g",
            "path": "/insert_diet_plan",
            "path_part": "insert_diet_plan",
            "rest_api_id": "7nvl1h3m80"
          },
          "sensitive_attributes": [],
          "private": "bnVsbA==",
          "dependencies": [
            "module.api_gateway.aws_api_gateway_rest_api.auth_api"
          ],
          "create_before_destroy": true
        }
      ]
    },
    {
      "module": "module.api_gateway",
      "mode": "managed",
      "type": "aws_api_gateway_resource",
      "name": "login",
      "provider": "provider[\"registry.terraform.io/hashicorp/aws\"]",
      "instances": [
        {
          "schema_version": 0,
          "attributes": {
            "id": "bxqq23",
            "parent_id": "s2v270ri6g",
            "path": "/login",
            "path_part": "login",
            "rest_api_id": "7nvl1h3m80"
          },
          "sensitive_attributes": [],
          "private": "bnVsbA==",
          "dependencies": [
            "module.api_gateway.aws_api_gateway_rest_api.auth_api"
          ],
          "create_before_destroy": true
        }
      ]
    },
    {
      "module": "module.api_gateway",
      "mode": "managed",
      "type": "aws_api_gateway_resource",
      "name": "register_user",
      "provider": "provider[\"registry.terraform.io/hashicorp/aws\"]",
      "instances": [
        {
          "schema_version": 0,
          "attributes": {
            "id": "l5yo14",
            "parent_id": "s2v270ri6g",
            "path": "/register_user",
            "path_part": "register_user",
            "rest_api_id": "7nvl1h3m80"
          },
          "sensitive_attributes": [],
          "private": "bnVsbA==",
          "dependencies": [
            "module.api_gateway.aws_api_gateway_rest_api.auth_api"
          ],
          "create_before_destroy": true
        }
      ]
    },
    {
      "module": "module.api_gateway",
      "mode": "managed",
      "type": "aws_api_gateway_rest_api",
      "name": "auth_api",
      "provider": "provider[\"registry.terraform.io/hashicorp/aws\"]",
      "instances": [
        {
          "schema_version": 0,
          "attributes": {
            "api_key_source": "HEADER",
            "arn": "arn:aws:apigateway:ap-south-1::/restapis/7nvl1h3m80",
            "binary_media_types": [],
            "body": null,
            "created_date": "2025-08-09T04:56:22Z",
            "description": "API for Cognito auth Lambda functions",
            "disable_execute_api_endpoint": false,
            "endpoint_configuration": [
              {
                "ip_address_type": "ipv4",
                "types": [
                  "EDGE"
                ],
                "vpc_endpoint_ids": []
              }
            ],
            "execution_arn": "arn:aws:execute-api:ap-south-1:211125304405:7nvl1h3m80",
            "fail_on_warnings": null,
            "id": "7nvl1h3m80",
            "minimum_compression_size": "",
            "name": "granimals-auth-api",
            "parameters": null,
            "policy": "",
            "put_rest_api_mode": null,
            "root_resource_id": "s2v270ri6g",
            "tags": {},
            "tags_all": {}
          },
          "sensitive_attributes": [],
          "private": "bnVsbA==",
          "create_before_destroy": true
        }
      ]
    },
    {
      "module": "module.api_gateway",
      "mode": "managed",
      "type": "aws_api_gateway_stage",
      "name": "auth_stage",
      "provider": "provider[\"registry.terraform.io/hashicorp/aws\"]",
      "instances": [
        {
          "schema_version": 0,
          "attributes": {
            "access_log_settings": [],
            "arn": "arn:aws:apigateway:ap-south-1::/restapis/7nvl1h3m80/stages/dev",
            "cache_cluster_enabled": false,
            "cache_cluster_size": "",
            "canary_settings": [],
            "client_certificate_id": "",
            "deployment_id": "qds12z",
            "description": "",
            "documentation_version": "",
            "execution_arn": "arn:aws:execute-api:ap-south-1:211125304405:7nvl1h3m80/dev",
            "id": "ags-7nvl1h3m80-dev",
            "invoke_url": "https://7nvl1h3m80.execute-api.ap-south-1.amazonaws.com/dev",
            "rest_api_id": "7nvl1h3m80",
            "stage_name": "dev",
            "tags": {},
            "tags_all": {},
            "variables": {},
            "web_acl_arn": "",
            "xray_tracing_enabled": false
          },
          "sensitive_attributes": [],
          "private": "bnVsbA==",
          "dependencies": [
            "module.api_gateway.aws_api_gateway_authorizer.cognito_auth",
            "module.api_gateway.aws_api_gateway_deployment.auth_deployment",
            "module.api_gateway.aws_api_gateway_integration.change_password_integration",
            "module.api_gateway.aws_api_gateway_integration.delete_user_integration",
            "module.api_gateway.aws_api_gateway_integration.insert_diet_plan_integration",
            "module.api_gateway.aws_api_gateway_integration.login_integration",
            "module.api_gateway.aws_api_gateway_integration.register_user_integration",
            "module.api_gateway.aws_api_gateway_method.change_password_any",
            "module.api_gateway.aws_api_gateway_method.delete_user_any",
            "module.api_gateway.aws_api_gateway_method.insert_diet_plan_any",
            "module.api_gateway.aws_api_gateway_method.login_any",
            "module.api_gateway.aws_api_gateway_method.register_user_any",
            "module.api_gateway.aws_api_gateway_resource.change_password",
            "module.api_gateway.aws_api_gateway_resource.delete_user",
            "module.api_gateway.aws_api_gateway_resource.insert_diet_plan",
            "module.api_gateway.aws_api_gateway_resource.login",
            "module.api_gateway.aws_api_gateway_resource.register_user",
            "module.api_gateway.aws_api_gateway_rest_api.auth_api",
            "module.lambda_change_password.aws_iam_policy.cognito_access_policy",
            "module.lambda_change_password.aws_iam_role.lambda_exec_role",
            "module.lambda_change_password.aws_iam_role_policy_attachment.lambda_basic_execution",
            "module.lambda_change_password.aws_iam_role_policy_attachment.lambda_cognito_access",
            "module.lambda_change_password.aws_iam_role_policy_attachment.lambda_logs",
            "module.lambda_change_password.aws_lambda_function.lambda_function",
            "module.lambda_delete_user.aws_iam_policy.cognito_access_policy",
            "module.lambda_delete_user.aws_iam_role.lambda_exec_role",
            "module.lambda_delete_user.aws_iam_role_policy_attachment.lambda_basic_execution",
            "module.lambda_delete_user.aws_iam_role_policy_attachment.lambda_cognito_access",
            "module.lambda_delete_user.aws_iam_role_policy_attachment.lambda_logs",
            "module.lambda_delete_user.aws_lambda_function.lambda_function",
            "module.lambda_insert_diet_plan.aws_iam_policy.cognito_access_policy",
            "module.lambda_insert_diet_plan.aws_iam_role.lambda_exec_role",
            "module.lambda_insert_diet_plan.aws_iam_role_policy_attachment.lambda_basic_execution",
            "module.lambda_insert_diet_plan.aws_iam_role_policy_attachment.lambda_cognito_access",
            "module.lambda_insert_diet_plan.aws_iam_role_policy_attachment.lambda_logs",
            "module.lambda_insert_diet_plan.aws_lambda_function.lambda_function",
            "module.lambda_login.aws_iam_policy.cognito_access_policy",
            "module.lambda_login.aws_iam_role.lambda_exec_role",
            "module.lambda_login.aws_iam_role_policy_attachment.lambda_basic_execution",
            "module.lambda_login.aws_iam_role_policy_attachment.lambda_cognito_access",
            "module.lambda_login.aws_iam_role_policy_attachment.lambda_logs",
            "module.lambda_login.aws_lambda_function.lambda_function",
            "module.lambda_register_user.aws_iam_policy.cognito_access_policy",
            "module.lambda_register_user.aws_iam_role.lambda_exec_role",
            "module.lambda_register_user.aws_iam_role_policy_attachment.lambda_basic_execution",
            "module.lambda_register_user.aws_iam_role_policy_attachment.lambda_cognito_access",
            "module.lambda_register_user.aws_iam_role_policy_attachment.lambda_logs",
            "module.lambda_register_user.aws_lambda_function.lambda_function"
          ]
        }
      ]
    },
    {
      "module": "module.lambda_change_password",
      "mode": "managed",
      "type": "aws_iam_policy",
      "name": "allow_invoke_register_user",
      "provider": "provider[\"registry.terraform.io/hashicorp/aws\"]",
      "instances": [
        {
          "schema_version": 0,
          "attributes": {
            "arn": "arn:aws:iam::211125304405:policy/AllowInvokeRegisterUser_change_password",
            "attachment_count": 0,
            "description": "Allow change_password Lambda to invoke register_user",
            "id": "arn:aws:iam::211125304405:policy/AllowInvokeRegisterUser_change_password",
            "name": "AllowInvokeRegisterUser_change_password",
            "name_prefix": "",
            "path": "/",
            "policy": "{\"Statement\":[{\"Action\":\"lambda:InvokeFunction\",\"Effect\":\"Allow\",\"Resource\":\"arn:aws:lambda:ap-south-1:211125304405:function:register_user\"}],\"Version\":\"2012-10-17\"}",
            "policy_id": "ANPATCKAMPRK6325D7SFU",
            "tags": {},
            "tags_all": {}
          },
          "sensitive_attributes": [],
          "private": "bnVsbA=="
        }
      ]
    },
    {
      "module": "module.lambda_change_password",
      "mode": "managed",
      "type": "aws_iam_policy",
      "name": "cognito_access_policy",
      "provider": "provider[\"registry.terraform.io/hashicorp/aws\"]",
      "instances": [
        {
          "schema_version": 0,
          "attributes": {
            "arn": "arn:aws:iam::211125304405:policy/change_password_cognito_access",
            "attachment_count": 1,
            "description": "",
            "id": "arn:aws:iam::211125304405:policy/change_password_cognito_access",
            "name": "change_password_cognito_access",
            "name_prefix": "",
            "path": "/",
            "policy": "{\"Statement\":[{\"Action\":[\"cognito-idp:AdminCreateUser\",\"cognito-idp:AdminDeleteUser\",\"cognito-idp:AdminSetUserPassword\",\"cognito-idp:AdminUpdateUserAttributes\",\"cognito-idp:AdminAddUserToGroup\",\"cognito-idp:AdminRemoveUserFromGroup\"],\"Effect\":\"Allow\",\"Resource\":\"*\"}],\"Version\":\"2012-10-17\"}",
            "policy_id": "ANPATCKAMPRK7Z6VJ5FTC",
            "tags": {},
            "tags_all": {}
          },
          "sensitive_attributes": [],
          "private": "bnVsbA==",
          "create_before_destroy": true
        }
      ]
    },
    {
      "module": "module.lambda_change_password",
      "mode": "managed",
      "type": "aws_iam_policy",
      "name": "lambda_ses_send_email",
      "provider": "provider[\"registry.terraform.io/hashicorp/aws\"]",
      "instances": [
        {
          "schema_version": 0,
          "attributes": {
            "arn": "arn:aws:iam::211125304405:policy/change_password-ses-send-email-policy",
            "attachment_count": 1,
            "description": "",
            "id": "arn:aws:iam::211125304405:policy/change_password-ses-send-email-policy",
            "name": "change_password-ses-send-email-policy",
            "name_prefix": "",
            "path": "/",
            "policy": "{\"Statement\":[{\"Action\":[\"ses:SendEmail\",\"ses:SendRawEmail\"],\"Effect\":\"Allow\",\"Resource\":\"*\"}],\"Version\":\"2012-10-17\"}",
            "policy_id": "ANPATCKAMPRKXPHXWYEKL",
            "tags": {},
            "tags_all": {}
          },
          "sensitive_attributes": [],
          "private": "bnVsbA=="
        }
      ]
    },
    {
      "module": "module.lambda_change_password",
      "mode": "managed",
      "type": "aws_iam_role",
      "name": "lambda_exec_role",
      "provider": "provider[\"registry.terraform.io/hashicorp/aws\"]",
      "instances": [
        {
          "schema_version": 0,
          "attributes": {
            "arn": "arn:aws:iam::211125304405:role/change_password_execution_role",
            "assume_role_policy": "{\"Statement\":[{\"Action\":\"sts:AssumeRole\",\"Effect\":\"Allow\",\"Principal\":{\"Service\":\"lambda.amazonaws.com\"}}],\"Version\":\"2012-10-17\"}",
            "create_date": "2025-08-09T04:56:21Z",
            "description": "",
            "force_detach_policies": false,
            "id": "change_password_execution_role",
            "inline_policy": [],
            "managed_policy_arns": [
              "arn:aws:iam::211125304405:policy/change_password-ses-send-email-policy",
              "arn:aws:iam::211125304405:policy/change_password_cognito_access",
              "arn:aws:iam::aws:policy/PowerUserAccess",
              "arn:aws:iam::aws:policy/service-role/AWSLambdaBasicExecutionRole"
            ],
            "max_session_duration": 3600,
            "name": "change_password_execution_role",
            "name_prefix": "",
            "path": "/",
            "permissions_boundary": "",
            "tags": {},
            "tags_all": {},
            "unique_id": "AROATCKAMPRKXKHWHYSOA"
          },
          "sensitive_attributes": [],
          "private": "bnVsbA==",
          "create_before_destroy": true
        }
      ]
    },
    {
      "module": "module.lambda_change_password",
      "mode": "managed",
      "type": "aws_iam_role_policy_attachment",
      "name": "lambda_basic_execution",
      "provider": "provider[\"registry.terraform.io/hashicorp/aws\"]",
      "instances": [
        {
          "schema_version": 0,
          "attributes": {
            "id": "change_password_execution_role-20250809045624134500000002",
            "policy_arn": "arn:aws:iam::aws:policy/service-role/AWSLambdaBasicExecutionRole",
            "role": "change_password_execution_role"
          },
          "sensitive_attributes": [],
          "private": "bnVsbA==",
          "dependencies": [
            "module.lambda_change_password.aws_iam_role.lambda_exec_role"
          ],
          "create_before_destroy": true
        }
      ]
    },
    {
      "module": "module.lambda_change_password",
      "mode": "managed",
      "type": "aws_iam_role_policy_attachment",
      "name": "lambda_cognito_access",
      "provider": "provider[\"registry.terraform.io/hashicorp/aws\"]",
      "instances": [
        {
          "schema_version": 0,
          "attributes": {
            "id": "change_password_execution_role-20250809045624198300000007",
            "policy_arn": "arn:aws:iam::211125304405:policy/change_password_cognito_access",
            "role": "change_password_execution_role"
          },
          "sensitive_attributes": [],
          "private": "bnVsbA==",
          "dependencies": [
            "module.lambda_change_password.aws_iam_policy.cognito_access_policy",
            "module.lambda_change_password.aws_iam_role.lambda_exec_role"
          ],
          "create_before_destroy": true
        }
      ]
    },
    {
      "module": "module.lambda_change_password",
      "mode": "managed",
      "type": "aws_iam_role_policy_attachment",
      "name": "lambda_logs",
      "provider": "provider[\"registry.terraform.io/hashicorp/aws\"]",
      "instances": [
        {
          "schema_version": 0,
          "attributes": {
            "id": "change_password_execution_role-20250809045624160300000004",
            "policy_arn": "arn:aws:iam::aws:policy/service-role/AWSLambdaBasicExecutionRole",
            "role": "change_password_execution_role"
          },
          "sensitive_attributes": [],
          "private": "bnVsbA==",
          "dependencies": [
            "module.lambda_change_password.aws_iam_role.lambda_exec_role"
          ],
          "create_before_destroy": true
        }
      ]
    },
    {
      "module": "module.lambda_change_password",
      "mode": "managed",
      "type": "aws_iam_role_policy_attachment",
      "name": "lambda_ses_attach",
      "provider": "provider[\"registry.terraform.io/hashicorp/aws\"]",
      "instances": [
        {
          "schema_version": 0,
          "attributes": {
            "id": "change_password_execution_role-20250809045624129000000001",
            "policy_arn": "arn:aws:iam::211125304405:policy/change_password-ses-send-email-policy",
            "role": "change_password_execution_role"
          },
          "sensitive_attributes": [],
          "private": "bnVsbA==",
          "dependencies": [
            "module.lambda_change_password.aws_iam_policy.lambda_ses_send_email",
            "module.lambda_change_password.aws_iam_role.lambda_exec_role"
          ]
        }
      ]
    },
    {
      "module": "module.lambda_change_password",
      "mode": "managed",
      "type": "aws_lambda_function",
      "name": "lambda_function",
      "provider": "provider[\"registry.terraform.io/hashicorp/aws\"]",
      "instances": [
        {
          "schema_version": 0,
          "attributes": {
            "architectures": [
              "x86_64"
            ],
            "arn": "arn:aws:lambda:ap-south-1:211125304405:function:change_password",
            "code_sha256": "81crYAd5rFHmAW5QMsGAIozPJco6X+Yfd9dBF1zjP60=",
            "code_signing_config_arn": "",
            "dead_letter_config": [],
            "description": "",
            "environment": [
              {
                "variables": {
                  "CLIENT_SECRET": "i9ikgr4eqrinm16vloro6afglstcvafg2dap8dlveqvdngea09u",
                  "FROM_EMAIL": "rahul.khandelwal@granimals.com",
                  "USER_GROUPS": "client,admin,physiotherapist,nutritionist,guest_admin,guest_physio,guest_nutrition",
                  "USER_POOL_CLIENT_ID": "77s0pgis059vt24bd0mdju7d9k",
                  "USER_POOL_ID": "ap-south-1_gaMIQZSBN"
                }
              }
            ],
            "ephemeral_storage": [
              {
                "size": 512
              }
            ],
            "file_system_config": [],
            "filename": null,
            "function_name": "change_password",
            "handler": "change_password.lambda_handler",
            "id": "change_password",
            "image_config": [],
            "image_uri": "",
            "invoke_arn": "arn:aws:apigateway:ap-south-1:lambda:path/2015-03-31/functions/arn:aws:lambda:ap-south-1:211125304405:function:change_password/invocations",
            "kms_key_arn": "",
            "last_modified": "2025-08-11T06:52:58.000+0000",
            "layers": [
              "arn:aws:lambda:ap-south-1:211125304405:layer:psycopg2:7"
            ],
            "logging_config": [
              {
                "application_log_level": "",
                "log_format": "Text",
                "log_group": "/aws/lambda/change_password",
                "system_log_level": ""
              }
            ],
            "memory_size": 128,
            "package_type": "Zip",
            "publish": false,
            "qualified_arn": "arn:aws:lambda:ap-south-1:211125304405:function:change_password:$LATEST",
            "qualified_invoke_arn": "arn:aws:apigateway:ap-south-1:lambda:path/2015-03-31/functions/arn:aws:lambda:ap-south-1:211125304405:function:change_password:$LATEST/invocations",
            "replace_security_groups_on_destroy": null,
            "replacement_security_group_ids": null,
            "reserved_concurrent_executions": -1,
            "role": "arn:aws:iam::211125304405:role/change_password_execution_role",
            "runtime": "python3.12",
            "s3_bucket": "granimals-auth-lambdas",
            "s3_key": "change_password.zip",
            "s3_object_version": null,
            "signing_job_arn": "",
            "signing_profile_version_arn": "",
            "skip_destroy": false,
            "snap_start": [],
            "source_code_hash": "",
            "source_code_size": 220052,
            "tags": {},
            "tags_all": {},
            "timeout": 900,
            "timeouts": null,
            "tracing_config": [
              {
                "mode": "PassThrough"
              }
            ],
            "version": "$LATEST",
            "vpc_config": []
          },
          "sensitive_attributes": [
            [
              {
                "type": "get_attr",
                "value": "environment"
              },
              {
                "type": "index",
                "value": {
                  "value": 0,
                  "type": "number"
                }
              },
              {
                "type": "get_attr",
                "value": "variables"
              },
              {
                "type": "index",
                "value": {
                  "value": "CLIENT_SECRET",
                  "type": "string"
                }
              }
            ]
          ],
          "private": "eyJlMmJmYjczMC1lY2FhLTExZTYtOGY4OC0zNDM2M2JjN2M0YzAiOnsiY3JlYXRlIjo2MDAwMDAwMDAwMDAsImRlbGV0ZSI6NjAwMDAwMDAwMDAwLCJ1cGRhdGUiOjYwMDAwMDAwMDAwMH19",
          "dependencies": [
            "module.lambda_change_password.aws_iam_policy.cognito_access_policy",
            "module.lambda_change_password.aws_iam_role.lambda_exec_role",
            "module.lambda_change_password.aws_iam_role_policy_attachment.lambda_basic_execution",
            "module.lambda_change_password.aws_iam_role_policy_attachment.lambda_cognito_access",
            "module.lambda_change_password.aws_iam_role_policy_attachment.lambda_logs"
          ],
          "create_before_destroy": true
        }
      ]
    },
    {
      "module": "module.lambda_change_password",
      "mode": "managed",
      "type": "aws_lambda_permission",
      "name": "api_gateway",
      "provider": "provider[\"registry.terraform.io/hashicorp/aws\"]",
      "instances": [
        {
          "index_key": 0,
          "schema_version": 0,
          "attributes": {
            "action": "lambda:InvokeFunction",
            "event_source_token": null,
            "function_name": "change_password",
            "function_url_auth_type": null,
            "id": "AllowExecutionFromAPIGateway-0",
            "principal": "apigateway.amazonaws.com",
            "principal_org_id": null,
            "qualifier": "",
            "source_account": null,
            "source_arn": "arn:aws:execute-api:ap-south-1:211125304405:7nvl1h3m80/*/*/change_password",
            "statement_id": "AllowExecutionFromAPIGateway-0",
            "statement_id_prefix": ""
          },
          "sensitive_attributes": [],
          "private": "bnVsbA==",
          "dependencies": [
            "module.api_gateway.aws_api_gateway_rest_api.auth_api",
            "module.lambda_change_password.aws_iam_policy.cognito_access_policy",
            "module.lambda_change_password.aws_iam_role.lambda_exec_role",
            "module.lambda_change_password.aws_iam_role_policy_attachment.lambda_basic_execution",
            "module.lambda_change_password.aws_iam_role_policy_attachment.lambda_cognito_access",
            "module.lambda_change_password.aws_iam_role_policy_attachment.lambda_logs",
            "module.lambda_change_password.aws_lambda_function.lambda_function"
          ]
        }
      ]
    },
    {
      "module": "module.lambda_change_password",
      "mode": "managed",
      "type": "aws_lambda_permission",
      "name": "api_gateway_permission",
      "provider": "provider[\"registry.terraform.io/hashicorp/aws\"]",
      "instances": [
        {
          "schema_version": 0,
          "attributes": {
            "action": "lambda:InvokeFunction",
            "event_source_token": null,
            "function_name": "change_password",
            "function_url_auth_type": null,
            "id": "AllowExecutionFromAPIGateway",
            "principal": "apigateway.amazonaws.com",
            "principal_org_id": null,
            "qualifier": "",
            "source_account": null,
            "source_arn": "arn:aws:execute-api:ap-south-1:211125304405:7nvl1h3m80",
            "statement_id": "AllowExecutionFromAPIGateway",
            "statement_id_prefix": ""
          },
          "sensitive_attributes": [],
          "private": "bnVsbA==",
          "dependencies": [
            "module.api_gateway.aws_api_gateway_rest_api.auth_api",
            "module.lambda_change_password.aws_iam_policy.cognito_access_policy",
            "module.lambda_change_password.aws_iam_role.lambda_exec_role",
            "module.lambda_change_password.aws_iam_role_policy_attachment.lambda_basic_execution",
            "module.lambda_change_password.aws_iam_role_policy_attachment.lambda_cognito_access",
            "module.lambda_change_password.aws_iam_role_policy_attachment.lambda_logs",
            "module.lambda_change_password.aws_lambda_function.lambda_function"
          ]
        }
      ]
    },
    {
      "module": "module.lambda_delete_user",
      "mode": "managed",
      "type": "aws_iam_policy",
      "name": "allow_invoke_register_user",
      "provider": "provider[\"registry.terraform.io/hashicorp/aws\"]",
      "instances": [
        {
          "schema_version": 0,
          "attributes": {
            "arn": "arn:aws:iam::211125304405:policy/AllowInvokeRegisterUser_delete_user",
            "attachment_count": 0,
            "description": "Allow delete_user Lambda to invoke register_user",
            "id": "arn:aws:iam::211125304405:policy/AllowInvokeRegisterUser_delete_user",
            "name": "AllowInvokeRegisterUser_delete_user",
            "name_prefix": "",
            "path": "/",
            "policy": "{\"Statement\":[{\"Action\":\"lambda:InvokeFunction\",\"Effect\":\"Allow\",\"Resource\":\"arn:aws:lambda:ap-south-1:211125304405:function:register_user\"}],\"Version\":\"2012-10-17\"}",
            "policy_id": "ANPATCKAMPRKWTE44FRDG",
            "tags": {},
            "tags_all": {}
          },
          "sensitive_attributes": [],
          "private": "bnVsbA=="
        }
      ]
    },
    {
      "module": "module.lambda_delete_user",
      "mode": "managed",
      "type": "aws_iam_policy",
      "name": "cognito_access_policy",
      "provider": "provider[\"registry.terraform.io/hashicorp/aws\"]",
      "instances": [
        {
          "schema_version": 0,
          "attributes": {
            "arn": "arn:aws:iam::211125304405:policy/delete_user_cognito_access",
            "attachment_count": 1,
            "description": "",
            "id": "arn:aws:iam::211125304405:policy/delete_user_cognito_access",
            "name": "delete_user_cognito_access",
            "name_prefix": "",
            "path": "/",
            "policy": "{\"Statement\":[{\"Action\":[\"cognito-idp:AdminCreateUser\",\"cognito-idp:AdminDeleteUser\",\"cognito-idp:AdminSetUserPassword\",\"cognito-idp:AdminUpdateUserAttributes\",\"cognito-idp:AdminAddUserToGroup\",\"cognito-idp:AdminRemoveUserFromGroup\"],\"Effect\":\"Allow\",\"Resource\":\"*\"}],\"Version\":\"2012-10-17\"}",
            "policy_id": "ANPATCKAMPRKW5PW7TFIK",
            "tags": {},
            "tags_all": {}
          },
          "sensitive_attributes": [],
          "private": "bnVsbA==",
          "create_before_destroy": true
        }
      ]
    },
    {
      "module": "module.lambda_delete_user",
      "mode": "managed",
      "type": "aws_iam_policy",
      "name": "lambda_ses_send_email",
      "provider": "provider[\"registry.terraform.io/hashicorp/aws\"]",
      "instances": [
        {
          "schema_version": 0,
          "attributes": {
            "arn": "arn:aws:iam::211125304405:policy/delete_user-ses-send-email-policy",
            "attachment_count": 1,
            "description": "",
            "id": "arn:aws:iam::211125304405:policy/delete_user-ses-send-email-policy",
            "name": "delete_user-ses-send-email-policy",
            "name_prefix": "",
            "path": "/",
            "policy": "{\"Statement\":[{\"Action\":[\"ses:SendEmail\",\"ses:SendRawEmail\"],\"Effect\":\"Allow\",\"Resource\":\"*\"}],\"Version\":\"2012-10-17\"}",
            "policy_id": "ANPATCKAMPRKRUBWFK2ZI",
            "tags": {},
            "tags_all": {}
          },
          "sensitive_attributes": [],
          "private": "bnVsbA=="
        }
      ]
    },
    {
      "module": "module.lambda_delete_user",
      "mode": "managed",
      "type": "aws_iam_role",
      "name": "lambda_exec_role",
      "provider": "provider[\"registry.terraform.io/hashicorp/aws\"]",
      "instances": [
        {
          "schema_version": 0,
          "attributes": {
            "arn": "arn:aws:iam::211125304405:role/delete_user_execution_role",
            "assume_role_policy": "{\"Statement\":[{\"Action\":\"sts:AssumeRole\",\"Effect\":\"Allow\",\"Principal\":{\"Service\":\"lambda.amazonaws.com\"}}],\"Version\":\"2012-10-17\"}",
            "create_date": "2025-08-09T04:56:22Z",
            "description": "",
            "force_detach_policies": false,
            "id": "delete_user_execution_role",
            "inline_policy": [],
            "managed_policy_arns": [
              "arn:aws:iam::211125304405:policy/delete_user-ses-send-email-policy",
              "arn:aws:iam::211125304405:policy/delete_user_cognito_access",
              "arn:aws:iam::aws:policy/service-role/AWSLambdaBasicExecutionRole"
            ],
            "max_session_duration": 3600,
            "name": "delete_user_execution_role",
            "name_prefix": "",
            "path": "/",
            "permissions_boundary": "",
            "tags": {},
            "tags_all": {},
            "unique_id": "AROATCKAMPRK5I2AV7O77"
          },
          "sensitive_attributes": [],
          "private": "bnVsbA==",
          "create_before_destroy": true
        }
      ]
    },
    {
      "module": "module.lambda_delete_user",
      "mode": "managed",
      "type": "aws_iam_role_policy_attachment",
      "name": "lambda_basic_execution",
      "provider": "provider[\"registry.terraform.io/hashicorp/aws\"]",
      "instances": [
        {
          "schema_version": 0,
          "attributes": {
            "id": "delete_user_execution_role-20250809045624956800000010",
            "policy_arn": "arn:aws:iam::aws:policy/service-role/AWSLambdaBasicExecutionRole",
            "role": "delete_user_execution_role"
          },
          "sensitive_attributes": [],
          "private": "bnVsbA==",
          "dependencies": [
            "module.lambda_delete_user.aws_iam_role.lambda_exec_role"
          ],
          "create_before_destroy": true
        }
      ]
    },
    {
      "module": "module.lambda_delete_user",
      "mode": "managed",
      "type": "aws_iam_role_policy_attachment",
      "name": "lambda_cognito_access",
      "provider": "provider[\"registry.terraform.io/hashicorp/aws\"]",
      "instances": [
        {
          "schema_version": 0,
          "attributes": {
            "id": "delete_user_execution_role-2025080904562494110000000f",
            "policy_arn": "arn:aws:iam::211125304405:policy/delete_user_cognito_access",
            "role": "delete_user_execution_role"
          },
          "sensitive_attributes": [],
          "private": "bnVsbA==",
          "dependencies": [
            "module.lambda_delete_user.aws_iam_policy.cognito_access_policy",
            "module.lambda_delete_user.aws_iam_role.lambda_exec_role"
          ],
          "create_before_destroy": true
        }
      ]
    },
    {
      "module": "module.lambda_delete_user",
      "mode": "managed",
      "type": "aws_iam_role_policy_attachment",
      "name": "lambda_logs",
      "provider": "provider[\"registry.terraform.io/hashicorp/aws\"]",
      "instances": [
        {
          "schema_version": 0,
          "attributes": {
            "id": "delete_user_execution_role-2025080904562488420000000d",
            "policy_arn": "arn:aws:iam::aws:policy/service-role/AWSLambdaBasicExecutionRole",
            "role": "delete_user_execution_role"
          },
          "sensitive_attributes": [],
          "private": "bnVsbA==",
          "dependencies": [
            "module.lambda_delete_user.aws_iam_role.lambda_exec_role"
          ],
          "create_before_destroy": true
        }
      ]
    },
    {
      "module": "module.lambda_delete_user",
      "mode": "managed",
      "type": "aws_iam_role_policy_attachment",
      "name": "lambda_ses_attach",
      "provider": "provider[\"registry.terraform.io/hashicorp/aws\"]",
      "instances": [
        {
          "schema_version": 0,
          "attributes": {
            "id": "delete_user_execution_role-2025080904562493330000000e",
            "policy_arn": "arn:aws:iam::211125304405:policy/delete_user-ses-send-email-policy",
            "role": "delete_user_execution_role"
          },
          "sensitive_attributes": [],
          "private": "bnVsbA==",
          "dependencies": [
            "module.lambda_delete_user.aws_iam_policy.lambda_ses_send_email",
            "module.lambda_delete_user.aws_iam_role.lambda_exec_role"
          ]
        }
      ]
    },
    {
      "module": "module.lambda_delete_user",
      "mode": "managed",
      "type": "aws_lambda_function",
      "name": "lambda_function",
      "provider": "provider[\"registry.terraform.io/hashicorp/aws\"]",
      "instances": [
        {
          "schema_version": 0,
          "attributes": {
            "architectures": [
              "x86_64"
            ],
            "arn": "arn:aws:lambda:ap-south-1:211125304405:function:delete_user",
            "code_sha256": "xcd58OQZqwqkij7SVdqmqcZTFPAX8FTZeU/FJ1N3Io8=",
            "code_signing_config_arn": "",
            "dead_letter_config": [],
            "description": "",
            "environment": [
              {
                "variables": {
                  "CLIENT_SECRET": "i9ikgr4eqrinm16vloro6afglstcvafg2dap8dlveqvdngea09u",
                  "FROM_EMAIL": "rahul.khandelwal@granimals.com",
                  "USER_GROUPS": "client,admin,physiotherapist,nutritionist,guest_admin,guest_physio,guest_nutrition",
                  "USER_POOL_CLIENT_ID": "77s0pgis059vt24bd0mdju7d9k",
                  "USER_POOL_ID": "ap-south-1_gaMIQZSBN"
                }
              }
            ],
            "ephemeral_storage": [
              {
                "size": 512
              }
            ],
            "file_system_config": [],
            "filename": null,
            "function_name": "delete_user",
            "handler": "delete_user.lambda_handler",
            "id": "delete_user",
            "image_config": [],
            "image_uri": "",
            "invoke_arn": "arn:aws:apigateway:ap-south-1:lambda:path/2015-03-31/functions/arn:aws:lambda:ap-south-1:211125304405:function:delete_user/invocations",
            "kms_key_arn": "",
            "last_modified": "2025-08-11T06:52:58.000+0000",
            "layers": [
              "arn:aws:lambda:ap-south-1:211125304405:layer:psycopg2:7"
            ],
            "logging_config": [
              {
                "application_log_level": "",
                "log_format": "Text",
                "log_group": "/aws/lambda/delete_user",
                "system_log_level": ""
              }
            ],
            "memory_size": 128,
            "package_type": "Zip",
            "publish": false,
            "qualified_arn": "arn:aws:lambda:ap-south-1:211125304405:function:delete_user:$LATEST",
            "qualified_invoke_arn": "arn:aws:apigateway:ap-south-1:lambda:path/2015-03-31/functions/arn:aws:lambda:ap-south-1:211125304405:function:delete_user:$LATEST/invocations",
            "replace_security_groups_on_destroy": null,
            "replacement_security_group_ids": null,
            "reserved_concurrent_executions": -1,
            "role": "arn:aws:iam::211125304405:role/delete_user_execution_role",
            "runtime": "python3.12",
            "s3_bucket": "granimals-auth-lambdas",
            "s3_key": "delete_user.zip",
            "s3_object_version": null,
            "signing_job_arn": "",
            "signing_profile_version_arn": "",
            "skip_destroy": false,
            "snap_start": [],
            "source_code_hash": "",
            "source_code_size": 222113,
            "tags": {},
            "tags_all": {},
            "timeout": 900,
            "timeouts": null,
            "tracing_config": [
              {
                "mode": "PassThrough"
              }
            ],
            "version": "$LATEST",
            "vpc_config": []
          },
          "sensitive_attributes": [
            [
              {
                "type": "get_attr",
                "value": "environment"
              },
              {
                "type": "index",
                "value": {
                  "value": 0,
                  "type": "number"
                }
              },
              {
                "type": "get_attr",
                "value": "variables"
              },
              {
                "type": "index",
                "value": {
                  "value": "CLIENT_SECRET",
                  "type": "string"
                }
              }
            ]
          ],
          "private": "eyJlMmJmYjczMC1lY2FhLTExZTYtOGY4OC0zNDM2M2JjN2M0YzAiOnsiY3JlYXRlIjo2MDAwMDAwMDAwMDAsImRlbGV0ZSI6NjAwMDAwMDAwMDAwLCJ1cGRhdGUiOjYwMDAwMDAwMDAwMH19",
          "dependencies": [
            "module.lambda_delete_user.aws_iam_policy.cognito_access_policy",
            "module.lambda_delete_user.aws_iam_role.lambda_exec_role",
            "module.lambda_delete_user.aws_iam_role_policy_attachment.lambda_basic_execution",
            "module.lambda_delete_user.aws_iam_role_policy_attachment.lambda_cognito_access",
            "module.lambda_delete_user.aws_iam_role_policy_attachment.lambda_logs"
          ],
          "create_before_destroy": true
        }
      ]
    },
    {
      "module": "module.lambda_delete_user",
      "mode": "managed",
      "type": "aws_lambda_permission",
      "name": "api_gateway",
      "provider": "provider[\"registry.terraform.io/hashicorp/aws\"]",
      "instances": [
        {
          "index_key": 0,
          "schema_version": 0,
          "attributes": {
            "action": "lambda:InvokeFunction",
            "event_source_token": null,
            "function_name": "delete_user",
            "function_url_auth_type": null,
            "id": "AllowExecutionFromAPIGateway-0",
            "principal": "apigateway.amazonaws.com",
            "principal_org_id": null,
            "qualifier": "",
            "source_account": null,
            "source_arn": "arn:aws:execute-api:ap-south-1:211125304405:7nvl1h3m80/*/*/delete_user",
            "statement_id": "AllowExecutionFromAPIGateway-0",
            "statement_id_prefix": ""
          },
          "sensitive_attributes": [],
          "private": "bnVsbA==",
          "dependencies": [
            "module.api_gateway.aws_api_gateway_rest_api.auth_api",
            "module.lambda_delete_user.aws_iam_policy.cognito_access_policy",
            "module.lambda_delete_user.aws_iam_role.lambda_exec_role",
            "module.lambda_delete_user.aws_iam_role_policy_attachment.lambda_basic_execution",
            "module.lambda_delete_user.aws_iam_role_policy_attachment.lambda_cognito_access",
            "module.lambda_delete_user.aws_iam_role_policy_attachment.lambda_logs",
            "module.lambda_delete_user.aws_lambda_function.lambda_function"
          ]
        }
      ]
    },
    {
      "module": "module.lambda_delete_user",
      "mode": "managed",
      "type": "aws_lambda_permission",
      "name": "api_gateway_permission",
      "provider": "provider[\"registry.terraform.io/hashicorp/aws\"]",
      "instances": [
        {
          "schema_version": 0,
          "attributes": {
            "action": "lambda:InvokeFunction",
            "event_source_token": null,
            "function_name": "delete_user",
            "function_url_auth_type": null,
            "id": "AllowExecutionFromAPIGateway",
            "principal": "apigateway.amazonaws.com",
            "principal_org_id": null,
            "qualifier": "",
            "source_account": null,
            "source_arn": "arn:aws:execute-api:ap-south-1:211125304405:7nvl1h3m80",
            "statement_id": "AllowExecutionFromAPIGateway",
            "statement_id_prefix": ""
          },
          "sensitive_attributes": [],
          "private": "bnVsbA==",
          "dependencies": [
            "module.api_gateway.aws_api_gateway_rest_api.auth_api",
            "module.lambda_delete_user.aws_iam_policy.cognito_access_policy",
            "module.lambda_delete_user.aws_iam_role.lambda_exec_role",
            "module.lambda_delete_user.aws_iam_role_policy_attachment.lambda_basic_execution",
            "module.lambda_delete_user.aws_iam_role_policy_attachment.lambda_cognito_access",
            "module.lambda_delete_user.aws_iam_role_policy_attachment.lambda_logs",
            "module.lambda_delete_user.aws_lambda_function.lambda_function"
          ]
        }
      ]
    },
    {
      "module": "module.lambda_insert_diet_plan",
      "mode": "managed",
      "type": "aws_iam_policy",
      "name": "allow_invoke_register_user",
      "provider": "provider[\"registry.terraform.io/hashicorp/aws\"]",
      "instances": [
        {
          "schema_version": 0,
          "attributes": {
            "arn": "arn:aws:iam::211125304405:policy/AllowInvokeRegisterUser_insert_diet_plan",
            "attachment_count": 0,
            "description": "Allow insert_diet_plan Lambda to invoke register_user",
            "id": "arn:aws:iam::211125304405:policy/AllowInvokeRegisterUser_insert_diet_plan",
            "name": "AllowInvokeRegisterUser_insert_diet_plan",
            "name_prefix": "",
            "path": "/",
            "policy": "{\"Statement\":[{\"Action\":\"lambda:InvokeFunction\",\"Effect\":\"Allow\",\"Resource\":\"arn:aws:lambda:ap-south-1:211125304405:function:register_user\"}],\"Version\":\"2012-10-17\"}",
            "policy_id": "ANPATCKAMPRKXV6RTDB3X",
            "tags": {},
            "tags_all": {}
          },
          "sensitive_attributes": [],
          "private": "bnVsbA=="
        }
      ]
    },
    {
      "module": "module.lambda_insert_diet_plan",
      "mode": "managed",
      "type": "aws_iam_policy",
      "name": "cognito_access_policy",
      "provider": "provider[\"registry.terraform.io/hashicorp/aws\"]",
      "instances": [
        {
          "schema_version": 0,
          "attributes": {
            "arn": "arn:aws:iam::211125304405:policy/insert_diet_plan_cognito_access",
            "attachment_count": 1,
            "description": "",
            "id": "arn:aws:iam::211125304405:policy/insert_diet_plan_cognito_access",
            "name": "insert_diet_plan_cognito_access",
            "name_prefix": "",
            "path": "/",
            "policy": "{\"Statement\":[{\"Action\":[\"cognito-idp:AdminCreateUser\",\"cognito-idp:AdminDeleteUser\",\"cognito-idp:AdminSetUserPassword\",\"cognito-idp:AdminUpdateUserAttributes\",\"cognito-idp:AdminAddUserToGroup\",\"cognito-idp:AdminRemoveUserFromGroup\"],\"Effect\":\"Allow\",\"Resource\":\"*\"}],\"Version\":\"2012-10-17\"}",
            "policy_id": "ANPATCKAMPRK63RWBWM53",
            "tags": {},
            "tags_all": {}
          },
          "sensitive_attributes": [],
          "private": "bnVsbA==",
          "create_before_destroy": true
        }
      ]
    },
    {
      "module": "module.lambda_insert_diet_plan",
      "mode": "managed",
      "type": "aws_iam_policy",
      "name": "lambda_secretsmanager_policy",
      "provider": "provider[\"registry.terraform.io/hashicorp/aws\"]",
      "instances": [
        {
          "index_key": 0,
          "schema_version": 0,
          "attributes": {
            "arn": "arn:aws:iam::211125304405:policy/insert_diet_plan_secretsmanager_access",
            "attachment_count": 1,
            "description": "",
            "id": "arn:aws:iam::211125304405:policy/insert_diet_plan_secretsmanager_access",
            "name": "insert_diet_plan_secretsmanager_access",
            "name_prefix": "",
            "path": "/",
            "policy": "{\"Statement\":[{\"Action\":[\"secretsmanager:GetSecretValue\"],\"Effect\":\"Allow\",\"Resource\":\"arn:aws:secretsmanager:ap-south-1:211125304405:secret:db-creds-tQqMII\"}],\"Version\":\"2012-10-17\"}",
            "policy_id": "ANPATCKAMPRKVX6VUVRVI",
            "tags": {},
            "tags_all": {}
          },
          "sensitive_attributes": [],
          "private": "bnVsbA=="
        }
      ]
    },
    {
      "module": "module.lambda_insert_diet_plan",
      "mode": "managed",
      "type": "aws_iam_policy",
      "name": "lambda_ses_send_email",
      "provider": "provider[\"registry.terraform.io/hashicorp/aws\"]",
      "instances": [
        {
          "schema_version": 0,
          "attributes": {
            "arn": "arn:aws:iam::211125304405:policy/insert_diet_plan-ses-send-email-policy",
            "attachment_count": 1,
            "description": "",
            "id": "arn:aws:iam::211125304405:policy/insert_diet_plan-ses-send-email-policy",
            "name": "insert_diet_plan-ses-send-email-policy",
            "name_prefix": "",
            "path": "/",
            "policy": "{\"Statement\":[{\"Action\":[\"ses:SendEmail\",\"ses:SendRawEmail\"],\"Effect\":\"Allow\",\"Resource\":\"*\"}],\"Version\":\"2012-10-17\"}",
            "policy_id": "ANPATCKAMPRK6NLIDARCU",
            "tags": {},
            "tags_all": {}
          },
          "sensitive_attributes": [],
          "private": "bnVsbA=="
        }
      ]
    },
    {
      "module": "module.lambda_insert_diet_plan",
      "mode": "managed",
      "type": "aws_iam_role",
      "name": "lambda_exec_role",
      "provider": "provider[\"registry.terraform.io/hashicorp/aws\"]",
      "instances": [
        {
          "schema_version": 0,
          "attributes": {
            "arn": "arn:aws:iam::211125304405:role/insert_diet_plan_execution_role",
            "assume_role_policy": "{\"Statement\":[{\"Action\":\"sts:AssumeRole\",\"Effect\":\"Allow\",\"Principal\":{\"Service\":\"lambda.amazonaws.com\"}}],\"Version\":\"2012-10-17\"}",
            "create_date": "2025-08-09T04:56:22Z",
            "description": "",
            "force_detach_policies": false,
            "id": "insert_diet_plan_execution_role",
            "inline_policy": [],
            "managed_policy_arns": [
              "arn:aws:iam::211125304405:policy/insert_diet_plan-ses-send-email-policy",
              "arn:aws:iam::211125304405:policy/insert_diet_plan_cognito_access",
              "arn:aws:iam::211125304405:policy/insert_diet_plan_secretsmanager_access",
              "arn:aws:iam::aws:policy/service-role/AWSLambdaBasicExecutionRole"
            ],
            "max_session_duration": 3600,
            "name": "insert_diet_plan_execution_role",
            "name_prefix": "",
            "path": "/",
            "permissions_boundary": "",
            "tags": {},
            "tags_all": {},
            "unique_id": "AROATCKAMPRK2GVNZBG64"
          },
          "sensitive_attributes": [],
          "private": "bnVsbA==",
          "create_before_destroy": true
        }
      ]
    },
    {
      "module": "module.lambda_insert_diet_plan",
      "mode": "managed",
      "type": "aws_iam_role_policy_attachment",
      "name": "lambda_basic_execution",
      "provider": "provider[\"registry.terraform.io/hashicorp/aws\"]",
      "instances": [
        {
          "schema_version": 0,
          "attributes": {
            "id": "insert_diet_plan_execution_role-20250809045624806900000009",
            "policy_arn": "arn:aws:iam::aws:policy/service-role/AWSLambdaBasicExecutionRole",
            "role": "insert_diet_plan_execution_role"
          },
          "sensitive_attributes": [],
          "private": "bnVsbA==",
          "dependencies": [
            "module.lambda_insert_diet_plan.aws_iam_role.lambda_exec_role"
          ],
          "create_before_destroy": true
        }
      ]
    },
    {
      "module": "module.lambda_insert_diet_plan",
      "mode": "managed",
      "type": "aws_iam_role_policy_attachment",
      "name": "lambda_cognito_access",
      "provider": "provider[\"registry.terraform.io/hashicorp/aws\"]",
      "instances": [
        {
          "schema_version": 0,
          "attributes": {
            "id": "insert_diet_plan_execution_role-2025080904562481090000000a",
            "policy_arn": "arn:aws:iam::211125304405:policy/insert_diet_plan_cognito_access",
            "role": "insert_diet_plan_execution_role"
          },
          "sensitive_attributes": [],
          "private": "bnVsbA==",
          "dependencies": [
            "module.lambda_insert_diet_plan.aws_iam_policy.cognito_access_policy",
            "module.lambda_insert_diet_plan.aws_iam_role.lambda_exec_role"
          ],
          "create_before_destroy": true
        }
      ]
    },
    {
      "module": "module.lambda_insert_diet_plan",
      "mode": "managed",
      "type": "aws_iam_role_policy_attachment",
      "name": "lambda_logs",
      "provider": "provider[\"registry.terraform.io/hashicorp/aws\"]",
      "instances": [
        {
          "schema_version": 0,
          "attributes": {
            "id": "insert_diet_plan_execution_role-2025080904562485030000000b",
            "policy_arn": "arn:aws:iam::aws:policy/service-role/AWSLambdaBasicExecutionRole",
            "role": "insert_diet_plan_execution_role"
          },
          "sensitive_attributes": [],
          "private": "bnVsbA==",
          "dependencies": [
            "module.lambda_insert_diet_plan.aws_iam_role.lambda_exec_role"
          ],
          "create_before_destroy": true
        }
      ]
    },
    {
      "module": "module.lambda_insert_diet_plan",
      "mode": "managed",
      "type": "aws_iam_role_policy_attachment",
      "name": "lambda_secretsmanager_attach",
      "provider": "provider[\"registry.terraform.io/hashicorp/aws\"]",
      "instances": [
        {
          "index_key": 0,
          "schema_version": 0,
          "attributes": {
            "id": "insert_diet_plan_execution_role-2025080904562485100000000c",
            "policy_arn": "arn:aws:iam::211125304405:policy/insert_diet_plan_secretsmanager_access",
            "role": "insert_diet_plan_execution_role"
          },
          "sensitive_attributes": [],
          "private": "bnVsbA==",
          "dependencies": [
            "module.lambda_insert_diet_plan.aws_iam_policy.lambda_secretsmanager_policy",
            "module.lambda_insert_diet_plan.aws_iam_role.lambda_exec_role"
          ]
        }
      ]
    },
    {
      "module": "module.lambda_insert_diet_plan",
      "mode": "managed",
      "type": "aws_iam_role_policy_attachment",
      "name": "lambda_ses_attach",
      "provider": "provider[\"registry.terraform.io/hashicorp/aws\"]",
      "instances": [
        {
          "schema_version": 0,
          "attributes": {
            "id": "insert_diet_plan_execution_role-20250809045625063500000011",
            "policy_arn": "arn:aws:iam::211125304405:policy/insert_diet_plan-ses-send-email-policy",
            "role": "insert_diet_plan_execution_role"
          },
          "sensitive_attributes": [],
          "private": "bnVsbA==",
          "dependencies": [
            "module.lambda_insert_diet_plan.aws_iam_policy.lambda_ses_send_email",
            "module.lambda_insert_diet_plan.aws_iam_role.lambda_exec_role"
          ]
        }
      ]
    },
    {
      "module": "module.lambda_insert_diet_plan",
      "mode": "managed",
      "type": "aws_lambda_function",
      "name": "lambda_function",
      "provider": "provider[\"registry.terraform.io/hashicorp/aws\"]",
      "instances": [
        {
          "schema_version": 0,
          "attributes": {
            "architectures": [
              "x86_64"
            ],
            "arn": "arn:aws:lambda:ap-south-1:211125304405:function:insert_diet_plan",
            "code_sha256": "FhPMqzWnry/tkEvhto4jXr/vZ2TLzcRSaauF9tNIyUA=",
            "code_signing_config_arn": "",
            "dead_letter_config": [],
            "description": "",
            "environment": [
              {
                "variables": {
                  "CLIENT_SECRET": "i9ikgr4eqrinm16vloro6afglstcvafg2dap8dlveqvdngea09u",
                  "FROM_EMAIL": "rahul.khandelwal@granimals.com",
                  "RDS_SECRET_ARN": "arn:aws:secretsmanager:ap-south-1:211125304405:secret:db-creds-tQqMII",
                  "USER_GROUPS": ""
                }
              }
            ],
            "ephemeral_storage": [
              {
                "size": 512
              }
            ],
            "file_system_config": [],
            "filename": null,
            "function_name": "insert_diet_plan",
            "handler": "insert_diet_plan.lambda_handler",
            "id": "insert_diet_plan",
            "image_config": [],
            "image_uri": "",
            "invoke_arn": "arn:aws:apigateway:ap-south-1:lambda:path/2015-03-31/functions/arn:aws:lambda:ap-south-1:211125304405:function:insert_diet_plan/invocations",
            "kms_key_arn": "",
            "last_modified": "2025-08-11T06:52:58.000+0000",
            "layers": [
              "arn:aws:lambda:ap-south-1:211125304405:layer:psycopg2:7"
            ],
            "logging_config": [
              {
                "application_log_level": "",
                "log_format": "Text",
                "log_group": "/aws/lambda/insert_diet_plan",
                "system_log_level": ""
              }
            ],
            "memory_size": 128,
            "package_type": "Zip",
            "publish": false,
            "qualified_arn": "arn:aws:lambda:ap-south-1:211125304405:function:insert_diet_plan:$LATEST",
            "qualified_invoke_arn": "arn:aws:apigateway:ap-south-1:lambda:path/2015-03-31/functions/arn:aws:lambda:ap-south-1:211125304405:function:insert_diet_plan:$LATEST/invocations",
            "replace_security_groups_on_destroy": null,
            "replacement_security_group_ids": null,
            "reserved_concurrent_executions": -1,
            "role": "arn:aws:iam::211125304405:role/insert_diet_plan_execution_role",
            "runtime": "python3.12",
            "s3_bucket": "granimals-auth-lambdas",
            "s3_key": "insert_diet_plan.zip",
            "s3_object_version": null,
            "signing_job_arn": "",
            "signing_profile_version_arn": "",
            "skip_destroy": false,
            "snap_start": [],
            "source_code_hash": "",
            "source_code_size": 222809,
            "tags": {},
            "tags_all": {},
            "timeout": 900,
            "timeouts": null,
            "tracing_config": [
              {
                "mode": "PassThrough"
              }
            ],
            "version": "$LATEST",
            "vpc_config": []
          },
          "sensitive_attributes": [
            [
              {
                "type": "get_attr",
                "value": "environment"
              },
              {
                "type": "index",
                "value": {
                  "value": 0,
                  "type": "number"
                }
              },
              {
                "type": "get_attr",
                "value": "variables"
              },
              {
                "type": "index",
                "value": {
                  "value": "CLIENT_SECRET",
                  "type": "string"
                }
              }
            ]
          ],
          "private": "eyJlMmJmYjczMC1lY2FhLTExZTYtOGY4OC0zNDM2M2JjN2M0YzAiOnsiY3JlYXRlIjo2MDAwMDAwMDAwMDAsImRlbGV0ZSI6NjAwMDAwMDAwMDAwLCJ1cGRhdGUiOjYwMDAwMDAwMDAwMH19",
          "dependencies": [
            "module.lambda_insert_diet_plan.aws_iam_policy.cognito_access_policy",
            "module.lambda_insert_diet_plan.aws_iam_role.lambda_exec_role",
            "module.lambda_insert_diet_plan.aws_iam_role_policy_attachment.lambda_basic_execution",
            "module.lambda_insert_diet_plan.aws_iam_role_policy_attachment.lambda_cognito_access",
            "module.lambda_insert_diet_plan.aws_iam_role_policy_attachment.lambda_logs"
          ],
          "create_before_destroy": true
        }
      ]
    },
    {
      "module": "module.lambda_insert_diet_plan",
      "mode": "managed",
      "type": "aws_lambda_permission",
      "name": "api_gateway",
      "provider": "provider[\"registry.terraform.io/hashicorp/aws\"]",
      "instances": [
        {
          "index_key": 0,
          "schema_version": 0,
          "attributes": {
            "action": "lambda:InvokeFunction",
            "event_source_token": null,
            "function_name": "insert_diet_plan",
            "function_url_auth_type": null,
            "id": "AllowExecutionFromAPIGateway-0",
            "principal": "apigateway.amazonaws.com",
            "principal_org_id": null,
            "qualifier": "",
            "source_account": null,
            "source_arn": "arn:aws:execute-api:ap-south-1:211125304405:7nvl1h3m80/*/*/insert_diet_plan",
            "statement_id": "AllowExecutionFromAPIGateway-0",
            "statement_id_prefix": ""
          },
          "sensitive_attributes": [],
          "private": "bnVsbA==",
          "dependencies": [
            "module.api_gateway.aws_api_gateway_rest_api.auth_api",
            "module.lambda_insert_diet_plan.aws_iam_policy.cognito_access_policy",
            "module.lambda_insert_diet_plan.aws_iam_role.lambda_exec_role",
            "module.lambda_insert_diet_plan.aws_iam_role_policy_attachment.lambda_basic_execution",
            "module.lambda_insert_diet_plan.aws_iam_role_policy_attachment.lambda_cognito_access",
            "module.lambda_insert_diet_plan.aws_iam_role_policy_attachment.lambda_logs",
            "module.lambda_insert_diet_plan.aws_lambda_function.lambda_function"
          ]
        }
      ]
    },
    {
      "module": "module.lambda_insert_diet_plan",
      "mode": "managed",
      "type": "aws_lambda_permission",
      "name": "api_gateway_permission",
      "provider": "provider[\"registry.terraform.io/hashicorp/aws\"]",
      "instances": [
        {
          "schema_version": 0,
          "attributes": {
            "action": "lambda:InvokeFunction",
            "event_source_token": null,
            "function_name": "insert_diet_plan",
            "function_url_auth_type": null,
            "id": "AllowExecutionFromAPIGateway",
            "principal": "apigateway.amazonaws.com",
            "principal_org_id": null,
            "qualifier": "",
            "source_account": null,
            "source_arn": "arn:aws:execute-api:ap-south-1:211125304405:7nvl1h3m80",
            "statement_id": "AllowExecutionFromAPIGateway",
            "statement_id_prefix": ""
          },
          "sensitive_attributes": [],
          "private": "bnVsbA==",
          "dependencies": [
            "module.api_gateway.aws_api_gateway_rest_api.auth_api",
            "module.lambda_insert_diet_plan.aws_iam_policy.cognito_access_policy",
            "module.lambda_insert_diet_plan.aws_iam_role.lambda_exec_role",
            "module.lambda_insert_diet_plan.aws_iam_role_policy_attachment.lambda_basic_execution",
            "module.lambda_insert_diet_plan.aws_iam_role_policy_attachment.lambda_cognito_access",
            "module.lambda_insert_diet_plan.aws_iam_role_policy_attachment.lambda_logs",
            "module.lambda_insert_diet_plan.aws_lambda_function.lambda_function"
          ]
        }
      ]
    },
    {
      "module": "module.lambda_login",
      "mode": "managed",
      "type": "aws_iam_policy",
      "name": "allow_invoke_register_user",
      "provider": "provider[\"registry.terraform.io/hashicorp/aws\"]",
      "instances": [
        {
          "schema_version": 0,
          "attributes": {
            "arn": "arn:aws:iam::211125304405:policy/AllowInvokeRegisterUser_login",
            "attachment_count": 0,
            "description": "Allow login Lambda to invoke register_user",
            "id": "arn:aws:iam::211125304405:policy/AllowInvokeRegisterUser_login",
            "name": "AllowInvokeRegisterUser_login",
            "name_prefix": "",
            "path": "/",
            "policy": "{\"Statement\":[{\"Action\":\"lambda:InvokeFunction\",\"Effect\":\"Allow\",\"Resource\":\"arn:aws:lambda:ap-south-1:211125304405:function:register_user\"}],\"Version\":\"2012-10-17\"}",
            "policy_id": "ANPATCKAMPRKRG45GOAT4",
            "tags": {},
            "tags_all": {}
          },
          "sensitive_attributes": [],
          "private": "bnVsbA=="
        }
      ]
    },
    {
      "module": "module.lambda_login",
      "mode": "managed",
      "type": "aws_iam_policy",
      "name": "cognito_access_policy",
      "provider": "provider[\"registry.terraform.io/hashicorp/aws\"]",
      "instances": [
        {
          "schema_version": 0,
          "attributes": {
            "arn": "arn:aws:iam::211125304405:policy/login_cognito_access",
            "attachment_count": 1,
            "description": "",
            "id": "arn:aws:iam::211125304405:policy/login_cognito_access",
            "name": "login_cognito_access",
            "name_prefix": "",
            "path": "/",
            "policy": "{\"Statement\":[{\"Action\":[\"cognito-idp:AdminCreateUser\",\"cognito-idp:AdminDeleteUser\",\"cognito-idp:AdminSetUserPassword\",\"cognito-idp:AdminUpdateUserAttributes\",\"cognito-idp:AdminAddUserToGroup\",\"cognito-idp:AdminRemoveUserFromGroup\"],\"Effect\":\"Allow\",\"Resource\":\"*\"}],\"Version\":\"2012-10-17\"}",
            "policy_id": "ANPATCKAMPRKW2ESIMWSW",
            "tags": {},
            "tags_all": {}
          },
          "sensitive_attributes": [],
          "private": "bnVsbA==",
          "create_before_destroy": true
        }
      ]
    },
    {
      "module": "module.lambda_login",
      "mode": "managed",
      "type": "aws_iam_policy",
      "name": "lambda_ses_send_email",
      "provider": "provider[\"registry.terraform.io/hashicorp/aws\"]",
      "instances": [
        {
          "schema_version": 0,
          "attributes": {
            "arn": "arn:aws:iam::211125304405:policy/login-ses-send-email-policy",
            "attachment_count": 1,
            "description": "",
            "id": "arn:aws:iam::211125304405:policy/login-ses-send-email-policy",
            "name": "login-ses-send-email-policy",
            "name_prefix": "",
            "path": "/",
            "policy": "{\"Statement\":[{\"Action\":[\"ses:SendEmail\",\"ses:SendRawEmail\"],\"Effect\":\"Allow\",\"Resource\":\"*\"}],\"Version\":\"2012-10-17\"}",
            "policy_id": "ANPATCKAMPRKQIZVOKEKX",
            "tags": {},
            "tags_all": {}
          },
          "sensitive_attributes": [],
          "private": "bnVsbA=="
        }
      ]
    },
    {
      "module": "module.lambda_login",
      "mode": "managed",
      "type": "aws_iam_role",
      "name": "lambda_exec_role",
      "provider": "provider[\"registry.terraform.io/hashicorp/aws\"]",
      "instances": [
        {
          "schema_version": 0,
          "attributes": {
            "arn": "arn:aws:iam::211125304405:role/login_execution_role",
            "assume_role_policy": "{\"Statement\":[{\"Action\":\"sts:AssumeRole\",\"Effect\":\"Allow\",\"Principal\":{\"Service\":\"lambda.amazonaws.com\"}}],\"Version\":\"2012-10-17\"}",
            "create_date": "2025-08-09T04:56:23Z",
            "description": "",
            "force_detach_policies": false,
            "id": "login_execution_role",
            "inline_policy": [],
            "managed_policy_arns": [
              "arn:aws:iam::211125304405:policy/login-ses-send-email-policy",
              "arn:aws:iam::211125304405:policy/login_cognito_access",
              "arn:aws:iam::aws:policy/PowerUserAccess",
              "arn:aws:iam::aws:policy/service-role/AWSLambdaBasicExecutionRole"
            ],
            "max_session_duration": 3600,
            "name": "login_execution_role",
            "name_prefix": "",
            "path": "/",
            "permissions_boundary": "",
            "tags": {},
            "tags_all": {},
            "unique_id": "AROATCKAMPRK362JBVU3T"
          },
          "sensitive_attributes": [],
          "private": "bnVsbA==",
          "create_before_destroy": true
        }
      ]
    },
    {
      "module": "module.lambda_login",
      "mode": "managed",
      "type": "aws_iam_role_policy_attachment",
      "name": "lambda_basic_execution",
      "provider": "provider[\"registry.terraform.io/hashicorp/aws\"]",
      "instances": [
        {
          "schema_version": 0,
          "attributes": {
            "id": "login_execution_role-20250809045625407000000015",
            "policy_arn": "arn:aws:iam::aws:policy/service-role/AWSLambdaBasicExecutionRole",
            "role": "login_execution_role"
          },
          "sensitive_attributes": [],
          "private": "bnVsbA==",
          "dependencies": [
            "module.lambda_login.aws_iam_role.lambda_exec_role"
          ],
          "create_before_destroy": true
        }
      ]
    },
    {
      "module": "module.lambda_login",
      "mode": "managed",
      "type": "aws_iam_role_policy_attachment",
      "name": "lambda_cognito_access",
      "provider": "provider[\"registry.terraform.io/hashicorp/aws\"]",
      "instances": [
        {
          "schema_version": 0,
          "attributes": {
            "id": "login_execution_role-20250809045625370400000014",
            "policy_arn": "arn:aws:iam::211125304405:policy/login_cognito_access",
            "role": "login_execution_role"
          },
          "sensitive_attributes": [],
          "private": "bnVsbA==",
          "dependencies": [
            "module.lambda_login.aws_iam_policy.cognito_access_policy",
            "module.lambda_login.aws_iam_role.lambda_exec_role"
          ],
          "create_before_destroy": true
        }
      ]
    },
    {
      "module": "module.lambda_login",
      "mode": "managed",
      "type": "aws_iam_role_policy_attachment",
      "name": "lambda_logs",
      "provider": "provider[\"registry.terraform.io/hashicorp/aws\"]",
      "instances": [
        {
          "schema_version": 0,
          "attributes": {
            "id": "login_execution_role-20250809045625274500000012",
            "policy_arn": "arn:aws:iam::aws:policy/service-role/AWSLambdaBasicExecutionRole",
            "role": "login_execution_role"
          },
          "sensitive_attributes": [],
          "private": "bnVsbA==",
          "dependencies": [
            "module.lambda_login.aws_iam_role.lambda_exec_role"
          ],
          "create_before_destroy": true
        }
      ]
    },
    {
      "module": "module.lambda_login",
      "mode": "managed",
      "type": "aws_iam_role_policy_attachment",
      "name": "lambda_ses_attach",
      "provider": "provider[\"registry.terraform.io/hashicorp/aws\"]",
      "instances": [
        {
          "schema_version": 0,
          "attributes": {
            "id": "login_execution_role-20250809045625350800000013",
            "policy_arn": "arn:aws:iam::211125304405:policy/login-ses-send-email-policy",
            "role": "login_execution_role"
          },
          "sensitive_attributes": [],
          "private": "bnVsbA==",
          "dependencies": [
            "module.lambda_login.aws_iam_policy.lambda_ses_send_email",
            "module.lambda_login.aws_iam_role.lambda_exec_role"
          ]
        }
      ]
    },
    {
      "module": "module.lambda_login",
      "mode": "managed",
      "type": "aws_lambda_function",
      "name": "lambda_function",
      "provider": "provider[\"registry.terraform.io/hashicorp/aws\"]",
      "instances": [
        {
          "schema_version": 0,
          "attributes": {
            "architectures": [
              "x86_64"
            ],
            "arn": "arn:aws:lambda:ap-south-1:211125304405:function:login",
            "code_sha256": "DdT6uPDyGzGNQiNZoeUG3PiZN/79Bt1DOlh+wEEEbxI=",
            "code_signing_config_arn": "",
            "dead_letter_config": [],
            "description": "",
            "environment": [
              {
                "variables": {
                  "CLIENT_SECRET": "i9ikgr4eqrinm16vloro6afglstcvafg2dap8dlveqvdngea09u",
                  "FROM_EMAIL": "rahul.khandelwal@granimals.com",
                  "REGISTER_FUNCTION_NAME": "register_user",
                  "USER_GROUPS": "client,admin,physiotherapist,nutritionist,guest_admin,guest_physio,guest_nutrition",
                  "USER_POOL_CLIENT_ID": "77s0pgis059vt24bd0mdju7d9k",
                  "USER_POOL_ID": "ap-south-1_gaMIQZSBN"
                }
              }
            ],
            "ephemeral_storage": [
              {
                "size": 512
              }
            ],
            "file_system_config": [],
            "filename": null,
            "function_name": "login",
            "handler": "login.lambda_handler",
            "id": "login",
            "image_config": [],
            "image_uri": "",
            "invoke_arn": "arn:aws:apigateway:ap-south-1:lambda:path/2015-03-31/functions/arn:aws:lambda:ap-south-1:211125304405:function:login/invocations",
            "kms_key_arn": "",
            "last_modified": "2025-08-11T06:53:04.000+0000",
            "layers": [
              "arn:aws:lambda:ap-south-1:211125304405:layer:psycopg2:7"
            ],
            "logging_config": [
              {
                "application_log_level": "",
                "log_format": "Text",
                "log_group": "/aws/lambda/login",
                "system_log_level": ""
              }
            ],
            "memory_size": 128,
            "package_type": "Zip",
            "publish": false,
            "qualified_arn": "arn:aws:lambda:ap-south-1:211125304405:function:login:$LATEST",
            "qualified_invoke_arn": "arn:aws:apigateway:ap-south-1:lambda:path/2015-03-31/functions/arn:aws:lambda:ap-south-1:211125304405:function:login:$LATEST/invocations",
            "replace_security_groups_on_destroy": null,
            "replacement_security_group_ids": null,
            "reserved_concurrent_executions": -1,
            "role": "arn:aws:iam::211125304405:role/login_execution_role",
            "runtime": "python3.12",
            "s3_bucket": "granimals-auth-lambdas",
            "s3_key": "login.zip",
            "s3_object_version": null,
            "signing_job_arn": "",
            "signing_profile_version_arn": "",
            "skip_destroy": false,
            "snap_start": [],
            "source_code_hash": "",
            "source_code_size": 220285,
            "tags": {},
            "tags_all": {},
            "timeout": 900,
            "timeouts": null,
            "tracing_config": [
              {
                "mode": "PassThrough"
              }
            ],
            "version": "$LATEST",
            "vpc_config": []
          },
          "sensitive_attributes": [
            [
              {
                "type": "get_attr",
                "value": "environment"
              },
              {
                "type": "index",
                "value": {
                  "value": 0,
                  "type": "number"
                }
              },
              {
                "type": "get_attr",
                "value": "variables"
              },
              {
                "type": "index",
                "value": {
                  "value": "CLIENT_SECRET",
                  "type": "string"
                }
              }
            ]
          ],
          "private": "eyJlMmJmYjczMC1lY2FhLTExZTYtOGY4OC0zNDM2M2JjN2M0YzAiOnsiY3JlYXRlIjo2MDAwMDAwMDAwMDAsImRlbGV0ZSI6NjAwMDAwMDAwMDAwLCJ1cGRhdGUiOjYwMDAwMDAwMDAwMH19",
          "dependencies": [
            "module.lambda_login.aws_iam_policy.cognito_access_policy",
            "module.lambda_login.aws_iam_role.lambda_exec_role",
            "module.lambda_login.aws_iam_role_policy_attachment.lambda_basic_execution",
            "module.lambda_login.aws_iam_role_policy_attachment.lambda_cognito_access",
            "module.lambda_login.aws_iam_role_policy_attachment.lambda_logs",
            "module.lambda_register_user.aws_iam_policy.cognito_access_policy",
            "module.lambda_register_user.aws_iam_role.lambda_exec_role",
            "module.lambda_register_user.aws_iam_role_policy_attachment.lambda_basic_execution",
            "module.lambda_register_user.aws_iam_role_policy_attachment.lambda_cognito_access",
            "module.lambda_register_user.aws_iam_role_policy_attachment.lambda_logs",
            "module.lambda_register_user.aws_lambda_function.lambda_function"
          ],
          "create_before_destroy": true
        }
      ]
    },
    {
      "module": "module.lambda_login",
      "mode": "managed",
      "type": "aws_lambda_permission",
      "name": "api_gateway",
      "provider": "provider[\"registry.terraform.io/hashicorp/aws\"]",
      "instances": [
        {
          "index_key": 0,
          "schema_version": 0,
          "attributes": {
            "action": "lambda:InvokeFunction",
            "event_source_token": null,
            "function_name": "login",
            "function_url_auth_type": null,
            "id": "AllowExecutionFromAPIGateway-0",
            "principal": "apigateway.amazonaws.com",
            "principal_org_id": null,
            "qualifier": "",
            "source_account": null,
            "source_arn": "arn:aws:execute-api:ap-south-1:211125304405:7nvl1h3m80/*/*/login",
            "statement_id": "AllowExecutionFromAPIGateway-0",
            "statement_id_prefix": ""
          },
          "sensitive_attributes": [],
          "private": "bnVsbA==",
          "dependencies": [
            "module.api_gateway.aws_api_gateway_rest_api.auth_api",
            "module.lambda_login.aws_iam_policy.cognito_access_policy",
            "module.lambda_login.aws_iam_role.lambda_exec_role",
            "module.lambda_login.aws_iam_role_policy_attachment.lambda_basic_execution",
            "module.lambda_login.aws_iam_role_policy_attachment.lambda_cognito_access",
            "module.lambda_login.aws_iam_role_policy_attachment.lambda_logs",
            "module.lambda_login.aws_lambda_function.lambda_function",
            "module.lambda_register_user.aws_iam_policy.cognito_access_policy",
            "module.lambda_register_user.aws_iam_role.lambda_exec_role",
            "module.lambda_register_user.aws_iam_role_policy_attachment.lambda_basic_execution",
            "module.lambda_register_user.aws_iam_role_policy_attachment.lambda_cognito_access",
            "module.lambda_register_user.aws_iam_role_policy_attachment.lambda_logs",
            "module.lambda_register_user.aws_lambda_function.lambda_function"
          ]
        }
      ]
    },
    {
      "module": "module.lambda_login",
      "mode": "managed",
      "type": "aws_lambda_permission",
      "name": "api_gateway_permission",
      "provider": "provider[\"registry.terraform.io/hashicorp/aws\"]",
      "instances": [
        {
          "schema_version": 0,
          "attributes": {
            "action": "lambda:InvokeFunction",
            "event_source_token": null,
            "function_name": "login",
            "function_url_auth_type": null,
            "id": "AllowExecutionFromAPIGateway",
            "principal": "apigateway.amazonaws.com",
            "principal_org_id": null,
            "qualifier": "",
            "source_account": null,
            "source_arn": "arn:aws:execute-api:ap-south-1:211125304405:7nvl1h3m80",
            "statement_id": "AllowExecutionFromAPIGateway",
            "statement_id_prefix": ""
          },
          "sensitive_attributes": [],
          "private": "bnVsbA==",
          "dependencies": [
            "module.api_gateway.aws_api_gateway_rest_api.auth_api",
            "module.lambda_login.aws_iam_policy.cognito_access_policy",
            "module.lambda_login.aws_iam_role.lambda_exec_role",
            "module.lambda_login.aws_iam_role_policy_attachment.lambda_basic_execution",
            "module.lambda_login.aws_iam_role_policy_attachment.lambda_cognito_access",
            "module.lambda_login.aws_iam_role_policy_attachment.lambda_logs",
            "module.lambda_login.aws_lambda_function.lambda_function",
            "module.lambda_register_user.aws_iam_policy.cognito_access_policy",
            "module.lambda_register_user.aws_iam_role.lambda_exec_role",
            "module.lambda_register_user.aws_iam_role_policy_attachment.lambda_basic_execution",
            "module.lambda_register_user.aws_iam_role_policy_attachment.lambda_cognito_access",
            "module.lambda_register_user.aws_iam_role_policy_attachment.lambda_logs",
            "module.lambda_register_user.aws_lambda_function.lambda_function"
          ]
        }
      ]
    },
    {
      "module": "module.lambda_register_user",
      "mode": "managed",
      "type": "aws_iam_policy",
      "name": "allow_invoke_register_user",
      "provider": "provider[\"registry.terraform.io/hashicorp/aws\"]",
      "instances": [
        {
          "schema_version": 0,
          "attributes": {
            "arn": "arn:aws:iam::211125304405:policy/AllowInvokeRegisterUser_register_user",
            "attachment_count": 0,
            "description": "Allow register_user Lambda to invoke register_user",
            "id": "arn:aws:iam::211125304405:policy/AllowInvokeRegisterUser_register_user",
            "name": "AllowInvokeRegisterUser_register_user",
            "name_prefix": "",
            "path": "/",
            "policy": "{\"Statement\":[{\"Action\":\"lambda:InvokeFunction\",\"Effect\":\"Allow\",\"Resource\":\"arn:aws:lambda:ap-south-1:211125304405:function:register_user\"}],\"Version\":\"2012-10-17\"}",
            "policy_id": "ANPATCKAMPRK5V3O44JWZ",
            "tags": {},
            "tags_all": {}
          },
          "sensitive_attributes": [],
          "private": "bnVsbA=="
        }
      ]
    },
    {
      "module": "module.lambda_register_user",
      "mode": "managed",
      "type": "aws_iam_policy",
      "name": "cognito_access_policy",
      "provider": "provider[\"registry.terraform.io/hashicorp/aws\"]",
      "instances": [
        {
          "schema_version": 0,
          "attributes": {
            "arn": "arn:aws:iam::211125304405:policy/register_user_cognito_access",
            "attachment_count": 1,
            "description": "",
            "id": "arn:aws:iam::211125304405:policy/register_user_cognito_access",
            "name": "register_user_cognito_access",
            "name_prefix": "",
            "path": "/",
            "policy": "{\"Statement\":[{\"Action\":[\"cognito-idp:AdminCreateUser\",\"cognito-idp:AdminDeleteUser\",\"cognito-idp:AdminSetUserPassword\",\"cognito-idp:AdminUpdateUserAttributes\",\"cognito-idp:AdminAddUserToGroup\",\"cognito-idp:AdminRemoveUserFromGroup\"],\"Effect\":\"Allow\",\"Resource\":\"*\"}],\"Version\":\"2012-10-17\"}",
            "policy_id": "ANPATCKAMPRK4GVDY2ANS",
            "tags": {},
            "tags_all": {}
          },
          "sensitive_attributes": [],
          "private": "bnVsbA==",
          "create_before_destroy": true
        }
      ]
    },
    {
      "module": "module.lambda_register_user",
      "mode": "managed",
      "type": "aws_iam_policy",
      "name": "lambda_ses_send_email",
      "provider": "provider[\"registry.terraform.io/hashicorp/aws\"]",
      "instances": [
        {
          "schema_version": 0,
          "attributes": {
            "arn": "arn:aws:iam::211125304405:policy/register_user-ses-send-email-policy",
            "attachment_count": 1,
            "description": "",
            "id": "arn:aws:iam::211125304405:policy/register_user-ses-send-email-policy",
            "name": "register_user-ses-send-email-policy",
            "name_prefix": "",
            "path": "/",
            "policy": "{\"Statement\":[{\"Action\":[\"ses:SendEmail\",\"ses:SendRawEmail\"],\"Effect\":\"Allow\",\"Resource\":\"*\"}],\"Version\":\"2012-10-17\"}",
            "policy_id": "ANPATCKAMPRK74G2ICULN",
            "tags": {},
            "tags_all": {}
          },
          "sensitive_attributes": [],
          "private": "bnVsbA=="
        }
      ]
    },
    {
      "module": "module.lambda_register_user",
      "mode": "managed",
      "type": "aws_iam_role",
      "name": "lambda_exec_role",
      "provider": "provider[\"registry.terraform.io/hashicorp/aws\"]",
      "instances": [
        {
          "schema_version": 0,
          "attributes": {
            "arn": "arn:aws:iam::211125304405:role/register_user_execution_role",
            "assume_role_policy": "{\"Statement\":[{\"Action\":\"sts:AssumeRole\",\"Effect\":\"Allow\",\"Principal\":{\"Service\":\"lambda.amazonaws.com\"}}],\"Version\":\"2012-10-17\"}",
            "create_date": "2025-08-09T04:56:21Z",
            "description": "",
            "force_detach_policies": false,
            "id": "register_user_execution_role",
            "inline_policy": [],
            "managed_policy_arns": [
              "arn:aws:iam::211125304405:policy/register_user-ses-send-email-policy",
              "arn:aws:iam::211125304405:policy/register_user_cognito_access",
              "arn:aws:iam::aws:policy/service-role/AWSLambdaBasicExecutionRole"
            ],
            "max_session_duration": 3600,
            "name": "register_user_execution_role",
            "name_prefix": "",
            "path": "/",
            "permissions_boundary": "",
            "tags": {},
            "tags_all": {},
            "unique_id": "AROATCKAMPRKQK6JPOBDB"
          },
          "sensitive_attributes": [],
          "private": "bnVsbA==",
          "create_before_destroy": true
        }
      ]
    },
    {
      "module": "module.lambda_register_user",
      "mode": "managed",
      "type": "aws_iam_role_policy_attachment",
      "name": "lambda_basic_execution",
      "provider": "provider[\"registry.terraform.io/hashicorp/aws\"]",
      "instances": [
        {
          "schema_version": 0,
          "attributes": {
            "id": "register_user_execution_role-20250809045624158600000003",
            "policy_arn": "arn:aws:iam::aws:policy/service-role/AWSLambdaBasicExecutionRole",
            "role": "register_user_execution_role"
          },
          "sensitive_attributes": [],
          "private": "bnVsbA==",
          "dependencies": [
            "module.lambda_register_user.aws_iam_role.lambda_exec_role"
          ],
          "create_before_destroy": true
        }
      ]
    },
    {
      "module": "module.lambda_register_user",
      "mode": "managed",
      "type": "aws_iam_role_policy_attachment",
      "name": "lambda_cognito_access",
      "provider": "provider[\"registry.terraform.io/hashicorp/aws\"]",
      "instances": [
        {
          "schema_version": 0,
          "attributes": {
            "id": "register_user_execution_role-20250809045624219600000008",
            "policy_arn": "arn:aws:iam::211125304405:policy/register_user_cognito_access",
            "role": "register_user_execution_role"
          },
          "sensitive_attributes": [],
          "private": "bnVsbA==",
          "dependencies": [
            "module.lambda_register_user.aws_iam_policy.cognito_access_policy",
            "module.lambda_register_user.aws_iam_role.lambda_exec_role"
          ],
          "create_before_destroy": true
        }
      ]
    },
    {
      "module": "module.lambda_register_user",
      "mode": "managed",
      "type": "aws_iam_role_policy_attachment",
      "name": "lambda_logs",
      "provider": "provider[\"registry.terraform.io/hashicorp/aws\"]",
      "instances": [
        {
          "schema_version": 0,
          "attributes": {
            "id": "register_user_execution_role-20250809045624165800000006",
            "policy_arn": "arn:aws:iam::aws:policy/service-role/AWSLambdaBasicExecutionRole",
            "role": "register_user_execution_role"
          },
          "sensitive_attributes": [],
          "private": "bnVsbA==",
          "dependencies": [
            "module.lambda_register_user.aws_iam_role.lambda_exec_role"
          ],
          "create_before_destroy": true
        }
      ]
    },
    {
      "module": "module.lambda_register_user",
      "mode": "managed",
      "type": "aws_iam_role_policy_attachment",
      "name": "lambda_ses_attach",
      "provider": "provider[\"registry.terraform.io/hashicorp/aws\"]",
      "instances": [
        {
          "schema_version": 0,
          "attributes": {
            "id": "register_user_execution_role-20250809045624162200000005",
            "policy_arn": "arn:aws:iam::211125304405:policy/register_user-ses-send-email-policy",
            "role": "register_user_execution_role"
          },
          "sensitive_attributes": [],
          "private": "bnVsbA==",
          "dependencies": [
            "module.lambda_register_user.aws_iam_policy.lambda_ses_send_email",
            "module.lambda_register_user.aws_iam_role.lambda_exec_role"
          ]
        }
      ]
    },
    {
      "module": "module.lambda_register_user",
      "mode": "managed",
      "type": "aws_lambda_function",
      "name": "lambda_function",
      "provider": "provider[\"registry.terraform.io/hashicorp/aws\"]",
      "instances": [
        {
          "schema_version": 0,
          "attributes": {
            "architectures": [
              "x86_64"
            ],
            "arn": "arn:aws:lambda:ap-south-1:211125304405:function:register_user",
            "code_sha256": "h1Iasw95KvOaRK0f14j61fJmlbhIsjUV9Q9eE5Hkgp4=",
            "code_signing_config_arn": "",
            "dead_letter_config": [],
            "description": "",
            "environment": [
              {
                "variables": {
                  "CLIENT_SECRET": "i9ikgr4eqrinm16vloro6afglstcvafg2dap8dlveqvdngea09u",
                  "FROM_EMAIL": "rahul.khandelwal@granimals.com",
                  "USER_GROUPS": "client,admin,physiotherapist,nutritionist,guest_admin,guest_physio,guest_nutrition",
                  "USER_POOL_CLIENT_ID": "77s0pgis059vt24bd0mdju7d9k",
                  "USER_POOL_ID": "ap-south-1_gaMIQZSBN"
                }
              }
            ],
            "ephemeral_storage": [
              {
                "size": 512
              }
            ],
            "file_system_config": [],
            "filename": null,
            "function_name": "register_user",
            "handler": "register_user.lambda_handler",
            "id": "register_user",
            "image_config": [],
            "image_uri": "",
            "invoke_arn": "arn:aws:apigateway:ap-south-1:lambda:path/2015-03-31/functions/arn:aws:lambda:ap-south-1:211125304405:function:register_user/invocations",
            "kms_key_arn": "",
            "last_modified": "2025-08-11T06:52:58.000+0000",
            "layers": [
              "arn:aws:lambda:ap-south-1:211125304405:layer:psycopg2:7"
            ],
            "logging_config": [
              {
                "application_log_level": "",
                "log_format": "Text",
                "log_group": "/aws/lambda/register_user",
                "system_log_level": ""
              }
            ],
            "memory_size": 128,
            "package_type": "Zip",
            "publish": false,
            "qualified_arn": "arn:aws:lambda:ap-south-1:211125304405:function:register_user:$LATEST",
            "qualified_invoke_arn": "arn:aws:apigateway:ap-south-1:lambda:path/2015-03-31/functions/arn:aws:lambda:ap-south-1:211125304405:function:register_user:$LATEST/invocations",
            "replace_security_groups_on_destroy": null,
            "replacement_security_group_ids": null,
            "reserved_concurrent_executions": -1,
            "role": "arn:aws:iam::211125304405:role/register_user_execution_role",
            "runtime": "python3.12",
            "s3_bucket": "granimals-auth-lambdas",
            "s3_key": "register_user.zip",
            "s3_object_version": null,
            "signing_job_arn": "",
            "signing_profile_version_arn": "",
            "skip_destroy": false,
            "snap_start": [],
            "source_code_hash": "",
            "source_code_size": 222678,
            "tags": {},
            "tags_all": {},
            "timeout": 900,
            "timeouts": null,
            "tracing_config": [
              {
                "mode": "PassThrough"
              }
            ],
            "version": "$LATEST",
            "vpc_config": []
          },
          "sensitive_attributes": [
            [
              {
                "type": "get_attr",
                "value": "environment"
              },
              {
                "type": "index",
                "value": {
                  "value": 0,
                  "type": "number"
                }
              },
              {
                "type": "get_attr",
                "value": "variables"
              },
              {
                "type": "index",
                "value": {
                  "value": "CLIENT_SECRET",
                  "type": "string"
                }
              }
            ]
          ],
          "private": "eyJlMmJmYjczMC1lY2FhLTExZTYtOGY4OC0zNDM2M2JjN2M0YzAiOnsiY3JlYXRlIjo2MDAwMDAwMDAwMDAsImRlbGV0ZSI6NjAwMDAwMDAwMDAwLCJ1cGRhdGUiOjYwMDAwMDAwMDAwMH19",
          "dependencies": [
            "module.lambda_register_user.aws_iam_policy.cognito_access_policy",
            "module.lambda_register_user.aws_iam_role.lambda_exec_role",
            "module.lambda_register_user.aws_iam_role_policy_attachment.lambda_basic_execution",
            "module.lambda_register_user.aws_iam_role_policy_attachment.lambda_cognito_access",
            "module.lambda_register_user.aws_iam_role_policy_attachment.lambda_logs"
          ],
          "create_before_destroy": true
        }
      ]
    },
    {
      "module": "module.lambda_register_user",
      "mode": "managed",
      "type": "aws_lambda_permission",
      "name": "api_gateway",
      "provider": "provider[\"registry.terraform.io/hashicorp/aws\"]",
      "instances": [
        {
          "index_key": 0,
          "schema_version": 0,
          "attributes": {
            "action": "lambda:InvokeFunction",
            "event_source_token": null,
            "function_name": "register_user",
            "function_url_auth_type": null,
            "id": "AllowExecutionFromAPIGateway-0",
            "principal": "apigateway.amazonaws.com",
            "principal_org_id": null,
            "qualifier": "",
            "source_account": null,
            "source_arn": "arn:aws:execute-api:ap-south-1:211125304405:7nvl1h3m80/*/*/register_user",
            "statement_id": "AllowExecutionFromAPIGateway-0",
            "statement_id_prefix": ""
          },
          "sensitive_attributes": [],
          "private": "bnVsbA==",
          "dependencies": [
            "module.api_gateway.aws_api_gateway_rest_api.auth_api",
            "module.lambda_register_user.aws_iam_policy.cognito_access_policy",
            "module.lambda_register_user.aws_iam_role.lambda_exec_role",
            "module.lambda_register_user.aws_iam_role_policy_attachment.lambda_basic_execution",
            "module.lambda_register_user.aws_iam_role_policy_attachment.lambda_cognito_access",
            "module.lambda_register_user.aws_iam_role_policy_attachment.lambda_logs",
            "module.lambda_register_user.aws_lambda_function.lambda_function"
          ]
        }
      ]
    },
    {
      "module": "module.lambda_register_user",
      "mode": "managed",
      "type": "aws_lambda_permission",
      "name": "api_gateway_permission",
      "provider": "provider[\"registry.terraform.io/hashicorp/aws\"]",
      "instances": [
        {
          "schema_version": 0,
          "attributes": {
            "action": "lambda:InvokeFunction",
            "event_source_token": null,
            "function_name": "register_user",
            "function_url_auth_type": null,
            "id": "AllowExecutionFromAPIGateway",
            "principal": "apigateway.amazonaws.com",
            "principal_org_id": null,
            "qualifier": "",
            "source_account": null,
            "source_arn": "arn:aws:execute-api:ap-south-1:211125304405:7nvl1h3m80",
            "statement_id": "AllowExecutionFromAPIGateway",
            "statement_id_prefix": ""
          },
          "sensitive_attributes": [],
          "private": "bnVsbA==",
          "dependencies": [
            "module.api_gateway.aws_api_gateway_rest_api.auth_api",
            "module.lambda_register_user.aws_iam_policy.cognito_access_policy",
            "module.lambda_register_user.aws_iam_role.lambda_exec_role",
            "module.lambda_register_user.aws_iam_role_policy_attachment.lambda_basic_execution",
            "module.lambda_register_user.aws_iam_role_policy_attachment.lambda_cognito_access",
            "module.lambda_register_user.aws_iam_role_policy_attachment.lambda_logs",
            "module.lambda_register_user.aws_lambda_function.lambda_function"
          ]
        }
      ]
    }
  ],
  "check_results": null
}
