{
  "version": 4,
  "terraform_version": "1.9.4",
  "serial": 60,
  "lineage": "ac46853c-4013-4f47-2fc8-71290da6bf4a",
  "outputs": {},
  "resources": [
    {
      "module": "module.api_gateway",
      "mode": "managed",
      "type": "aws_api_gateway_deployment",
      "name": "auth_deployment",
      "provider": "provider[\"registry.terraform.io/hashicorp/aws\"]",
      "instances": [
        {
          "schema_version": 0,
          "attributes": {
            "canary_settings": [],
            "created_date": "2025-08-01T08:06:25Z",
            "description": "Deployment for API Gateway",
            "execution_arn": "arn:aws:execute-api:ap-south-1:211125304405:clxwfy5ti7/",
            "id": "aapyz0",
            "invoke_url": "https://clxwfy5ti7.execute-api.ap-south-1.amazonaws.com/",
            "rest_api_id": "clxwfy5ti7",
            "stage_description": null,
            "stage_name": null,
            "triggers": {
              "redeployment": "2025-08-01T08:06:26Z"
            },
            "variables": null
          },
          "sensitive_attributes": [],
          "private": "bnVsbA==",
          "dependencies": [
            "module.api_gateway.aws_api_gateway_integration.change_password_integration",
            "module.api_gateway.aws_api_gateway_integration.delete_user_integration",
            "module.api_gateway.aws_api_gateway_integration.register_user_integration",
            "module.api_gateway.aws_api_gateway_integration.unknown_user_integration",
            "module.api_gateway.aws_api_gateway_method.change_password_any",
            "module.api_gateway.aws_api_gateway_method.delete_user_any",
            "module.api_gateway.aws_api_gateway_method.register_user_any",
            "module.api_gateway.aws_api_gateway_method.unknown_user_any",
            "module.api_gateway.aws_api_gateway_resource.change_password",
            "module.api_gateway.aws_api_gateway_resource.delete_user",
            "module.api_gateway.aws_api_gateway_resource.register_user",
            "module.api_gateway.aws_api_gateway_resource.unknown_user",
            "module.api_gateway.aws_api_gateway_rest_api.auth_api",
            "module.lambda_change_password.aws_iam_policy.cognito_access_policy",
            "module.lambda_change_password.aws_iam_role.lambda_exec_role",
            "module.lambda_change_password.aws_iam_role_policy_attachment.lambda_basic_execution",
            "module.lambda_change_password.aws_iam_role_policy_attachment.lambda_cognito_access",
            "module.lambda_change_password.aws_iam_role_policy_attachment.lambda_logs",
            "module.lambda_change_password.aws_lambda_function.lambda_function",
            "module.lambda_delete_user.aws_iam_policy.cognito_access_policy",
            "module.lambda_delete_user.aws_iam_role.lambda_exec_role",
            "module.lambda_delete_user.aws_iam_role_policy_attachment.lambda_basic_execution",
            "module.lambda_delete_user.aws_iam_role_policy_attachment.lambda_cognito_access",
            "module.lambda_delete_user.aws_iam_role_policy_attachment.lambda_logs",
            "module.lambda_delete_user.aws_lambda_function.lambda_function",
            "module.lambda_register_user.aws_iam_policy.cognito_access_policy",
            "module.lambda_register_user.aws_iam_role.lambda_exec_role",
            "module.lambda_register_user.aws_iam_role_policy_attachment.lambda_basic_execution",
            "module.lambda_register_user.aws_iam_role_policy_attachment.lambda_cognito_access",
            "module.lambda_register_user.aws_iam_role_policy_attachment.lambda_logs",
            "module.lambda_register_user.aws_lambda_function.lambda_function",
            "module.lambda_unknown_user.aws_iam_policy.cognito_access_policy",
            "module.lambda_unknown_user.aws_iam_role.lambda_exec_role",
            "module.lambda_unknown_user.aws_iam_role_policy_attachment.lambda_basic_execution",
            "module.lambda_unknown_user.aws_iam_role_policy_attachment.lambda_cognito_access",
            "module.lambda_unknown_user.aws_iam_role_policy_attachment.lambda_logs",
            "module.lambda_unknown_user.aws_lambda_function.lambda_function"
          ],
          "create_before_destroy": true
        }
      ]
    },
    {
      "module": "module.api_gateway",
      "mode": "managed",
      "type": "aws_api_gateway_integration",
      "name": "change_password_integration",
      "provider": "provider[\"registry.terraform.io/hashicorp/aws\"]",
      "instances": [
        {
          "schema_version": 0,
          "attributes": {
            "cache_key_parameters": null,
            "cache_namespace": "ynl8cw",
            "connection_id": "",
            "connection_type": "INTERNET",
            "content_handling": "",
            "credentials": "",
            "http_method": "ANY",
            "id": "agi-clxwfy5ti7-ynl8cw-ANY",
            "integration_http_method": "POST",
            "passthrough_behavior": "WHEN_NO_MATCH",
            "request_parameters": null,
            "request_templates": null,
            "resource_id": "ynl8cw",
            "rest_api_id": "clxwfy5ti7",
            "timeout_milliseconds": 29000,
            "tls_config": [],
            "type": "AWS_PROXY",
            "uri": "arn:aws:apigateway:ap-south-1:lambda:path/2015-03-31/functions/arn:aws:lambda:ap-south-1:211125304405:function:change_password/invocations"
          },
          "sensitive_attributes": [],
          "private": "bnVsbA==",
          "dependencies": [
            "module.api_gateway.aws_api_gateway_method.change_password_any",
            "module.api_gateway.aws_api_gateway_resource.change_password",
            "module.api_gateway.aws_api_gateway_rest_api.auth_api",
            "module.lambda_change_password.aws_iam_policy.cognito_access_policy",
            "module.lambda_change_password.aws_iam_role.lambda_exec_role",
            "module.lambda_change_password.aws_iam_role_policy_attachment.lambda_basic_execution",
            "module.lambda_change_password.aws_iam_role_policy_attachment.lambda_cognito_access",
            "module.lambda_change_password.aws_iam_role_policy_attachment.lambda_logs",
            "module.lambda_change_password.aws_lambda_function.lambda_function"
          ],
          "create_before_destroy": true
        }
      ]
    },
    {
      "module": "module.api_gateway",
      "mode": "managed",
      "type": "aws_api_gateway_integration",
      "name": "delete_user_integration",
      "provider": "provider[\"registry.terraform.io/hashicorp/aws\"]",
      "instances": [
        {
          "schema_version": 0,
          "attributes": {
            "cache_key_parameters": null,
            "cache_namespace": "5w5v26",
            "connection_id": "",
            "connection_type": "INTERNET",
            "content_handling": "",
            "credentials": "",
            "http_method": "ANY",
            "id": "agi-clxwfy5ti7-5w5v26-ANY",
            "integration_http_method": "POST",
            "passthrough_behavior": "WHEN_NO_MATCH",
            "request_parameters": null,
            "request_templates": null,
            "resource_id": "5w5v26",
            "rest_api_id": "clxwfy5ti7",
            "timeout_milliseconds": 29000,
            "tls_config": [],
            "type": "AWS_PROXY",
            "uri": "arn:aws:apigateway:ap-south-1:lambda:path/2015-03-31/functions/arn:aws:lambda:ap-south-1:211125304405:function:delete_user/invocations"
          },
          "sensitive_attributes": [],
          "private": "bnVsbA==",
          "dependencies": [
            "module.api_gateway.aws_api_gateway_method.delete_user_any",
            "module.api_gateway.aws_api_gateway_resource.delete_user",
            "module.api_gateway.aws_api_gateway_rest_api.auth_api",
            "module.lambda_delete_user.aws_iam_policy.cognito_access_policy",
            "module.lambda_delete_user.aws_iam_role.lambda_exec_role",
            "module.lambda_delete_user.aws_iam_role_policy_attachment.lambda_basic_execution",
            "module.lambda_delete_user.aws_iam_role_policy_attachment.lambda_cognito_access",
            "module.lambda_delete_user.aws_iam_role_policy_attachment.lambda_logs",
            "module.lambda_delete_user.aws_lambda_function.lambda_function"
          ],
          "create_before_destroy": true
        }
      ]
    },
    {
      "module": "module.api_gateway",
      "mode": "managed",
      "type": "aws_api_gateway_integration",
      "name": "register_user_integration",
      "provider": "provider[\"registry.terraform.io/hashicorp/aws\"]",
      "instances": [
        {
          "schema_version": 0,
          "attributes": {
            "cache_key_parameters": null,
            "cache_namespace": "0dahws",
            "connection_id": "",
            "connection_type": "INTERNET",
            "content_handling": "",
            "credentials": "",
            "http_method": "ANY",
            "id": "agi-clxwfy5ti7-0dahws-ANY",
            "integration_http_method": "POST",
            "passthrough_behavior": "WHEN_NO_MATCH",
            "request_parameters": null,
            "request_templates": null,
            "resource_id": "0dahws",
            "rest_api_id": "clxwfy5ti7",
            "timeout_milliseconds": 29000,
            "tls_config": [],
            "type": "AWS_PROXY",
            "uri": "arn:aws:apigateway:ap-south-1:lambda:path/2015-03-31/functions/arn:aws:lambda:ap-south-1:211125304405:function:register_user/invocations"
          },
          "sensitive_attributes": [],
          "private": "bnVsbA==",
          "dependencies": [
            "module.api_gateway.aws_api_gateway_method.register_user_any",
            "module.api_gateway.aws_api_gateway_resource.register_user",
            "module.api_gateway.aws_api_gateway_rest_api.auth_api",
            "module.lambda_register_user.aws_iam_policy.cognito_access_policy",
            "module.lambda_register_user.aws_iam_role.lambda_exec_role",
            "module.lambda_register_user.aws_iam_role_policy_attachment.lambda_basic_execution",
            "module.lambda_register_user.aws_iam_role_policy_attachment.lambda_cognito_access",
            "module.lambda_register_user.aws_iam_role_policy_attachment.lambda_logs",
            "module.lambda_register_user.aws_lambda_function.lambda_function"
          ],
          "create_before_destroy": true
        }
      ]
    },
    {
      "module": "module.api_gateway",
      "mode": "managed",
      "type": "aws_api_gateway_integration",
      "name": "unknown_user_integration",
      "provider": "provider[\"registry.terraform.io/hashicorp/aws\"]",
      "instances": [
        {
          "schema_version": 0,
          "attributes": {
            "cache_key_parameters": null,
            "cache_namespace": "00o4kx",
            "connection_id": "",
            "connection_type": "INTERNET",
            "content_handling": "",
            "credentials": "",
            "http_method": "ANY",
            "id": "agi-clxwfy5ti7-00o4kx-ANY",
            "integration_http_method": "POST",
            "passthrough_behavior": "WHEN_NO_MATCH",
            "request_parameters": null,
            "request_templates": null,
            "resource_id": "00o4kx",
            "rest_api_id": "clxwfy5ti7",
            "timeout_milliseconds": 29000,
            "tls_config": [],
            "type": "AWS_PROXY",
            "uri": "arn:aws:apigateway:ap-south-1:lambda:path/2015-03-31/functions/arn:aws:lambda:ap-south-1:211125304405:function:unknown_user/invocations"
          },
          "sensitive_attributes": [],
          "private": "bnVsbA==",
          "dependencies": [
            "module.api_gateway.aws_api_gateway_method.unknown_user_any",
            "module.api_gateway.aws_api_gateway_resource.unknown_user",
            "module.api_gateway.aws_api_gateway_rest_api.auth_api",
            "module.lambda_register_user.aws_iam_policy.cognito_access_policy",
            "module.lambda_register_user.aws_iam_role.lambda_exec_role",
            "module.lambda_register_user.aws_iam_role_policy_attachment.lambda_basic_execution",
            "module.lambda_register_user.aws_iam_role_policy_attachment.lambda_cognito_access",
            "module.lambda_register_user.aws_iam_role_policy_attachment.lambda_logs",
            "module.lambda_register_user.aws_lambda_function.lambda_function",
            "module.lambda_unknown_user.aws_iam_policy.cognito_access_policy",
            "module.lambda_unknown_user.aws_iam_role.lambda_exec_role",
            "module.lambda_unknown_user.aws_iam_role_policy_attachment.lambda_basic_execution",
            "module.lambda_unknown_user.aws_iam_role_policy_attachment.lambda_cognito_access",
            "module.lambda_unknown_user.aws_iam_role_policy_attachment.lambda_logs",
            "module.lambda_unknown_user.aws_lambda_function.lambda_function"
          ],
          "create_before_destroy": true
        }
      ]
    },
    {
      "module": "module.api_gateway",
      "mode": "managed",
      "type": "aws_api_gateway_method",
      "name": "change_password_any",
      "provider": "provider[\"registry.terraform.io/hashicorp/aws\"]",
      "instances": [
        {
          "schema_version": 0,
          "attributes": {
            "api_key_required": false,
            "authorization": "NONE",
            "authorization_scopes": null,
            "authorizer_id": null,
            "http_method": "ANY",
            "id": "agm-clxwfy5ti7-ynl8cw-ANY",
            "operation_name": null,
            "request_models": null,
            "request_parameters": null,
            "request_validator_id": null,
            "resource_id": "ynl8cw",
            "rest_api_id": "clxwfy5ti7"
          },
          "sensitive_attributes": [],
          "private": "bnVsbA==",
          "dependencies": [
            "module.api_gateway.aws_api_gateway_resource.change_password",
            "module.api_gateway.aws_api_gateway_rest_api.auth_api"
          ],
          "create_before_destroy": true
        }
      ]
    },
    {
      "module": "module.api_gateway",
      "mode": "managed",
      "type": "aws_api_gateway_method",
      "name": "delete_user_any",
      "provider": "provider[\"registry.terraform.io/hashicorp/aws\"]",
      "instances": [
        {
          "schema_version": 0,
          "attributes": {
            "api_key_required": false,
            "authorization": "NONE",
            "authorization_scopes": null,
            "authorizer_id": null,
            "http_method": "ANY",
            "id": "agm-clxwfy5ti7-5w5v26-ANY",
            "operation_name": null,
            "request_models": null,
            "request_parameters": null,
            "request_validator_id": null,
            "resource_id": "5w5v26",
            "rest_api_id": "clxwfy5ti7"
          },
          "sensitive_attributes": [],
          "private": "bnVsbA==",
          "dependencies": [
            "module.api_gateway.aws_api_gateway_resource.delete_user",
            "module.api_gateway.aws_api_gateway_rest_api.auth_api"
          ],
          "create_before_destroy": true
        }
      ]
    },
    {
      "module": "module.api_gateway",
      "mode": "managed",
      "type": "aws_api_gateway_method",
      "name": "register_user_any",
      "provider": "provider[\"registry.terraform.io/hashicorp/aws\"]",
      "instances": [
        {
          "schema_version": 0,
          "attributes": {
            "api_key_required": false,
            "authorization": "NONE",
            "authorization_scopes": null,
            "authorizer_id": null,
            "http_method": "ANY",
            "id": "agm-clxwfy5ti7-0dahws-ANY",
            "operation_name": null,
            "request_models": null,
            "request_parameters": null,
            "request_validator_id": null,
            "resource_id": "0dahws",
            "rest_api_id": "clxwfy5ti7"
          },
          "sensitive_attributes": [],
          "private": "bnVsbA==",
          "dependencies": [
            "module.api_gateway.aws_api_gateway_resource.register_user",
            "module.api_gateway.aws_api_gateway_rest_api.auth_api"
          ],
          "create_before_destroy": true
        }
      ]
    },
    {
      "module": "module.api_gateway",
      "mode": "managed",
      "type": "aws_api_gateway_method",
      "name": "unknown_user_any",
      "provider": "provider[\"registry.terraform.io/hashicorp/aws\"]",
      "instances": [
        {
          "schema_version": 0,
          "attributes": {
            "api_key_required": false,
            "authorization": "NONE",
            "authorization_scopes": null,
            "authorizer_id": null,
            "http_method": "ANY",
            "id": "agm-clxwfy5ti7-00o4kx-ANY",
            "operation_name": null,
            "request_models": null,
            "request_parameters": null,
            "request_validator_id": null,
            "resource_id": "00o4kx",
            "rest_api_id": "clxwfy5ti7"
          },
          "sensitive_attributes": [],
          "private": "bnVsbA==",
          "dependencies": [
            "module.api_gateway.aws_api_gateway_resource.unknown_user",
            "module.api_gateway.aws_api_gateway_rest_api.auth_api"
          ],
          "create_before_destroy": true
        }
      ]
    },
    {
      "module": "module.api_gateway",
      "mode": "managed",
      "type": "aws_api_gateway_resource",
      "name": "change_password",
      "provider": "provider[\"registry.terraform.io/hashicorp/aws\"]",
      "instances": [
        {
          "schema_version": 0,
          "attributes": {
            "id": "ynl8cw",
            "parent_id": "i00mmeho14",
            "path": "/change_password",
            "path_part": "change_password",
            "rest_api_id": "clxwfy5ti7"
          },
          "sensitive_attributes": [],
          "private": "bnVsbA==",
          "dependencies": [
            "module.api_gateway.aws_api_gateway_rest_api.auth_api"
          ],
          "create_before_destroy": true
        }
      ]
    },
    {
      "module": "module.api_gateway",
      "mode": "managed",
      "type": "aws_api_gateway_resource",
      "name": "delete_user",
      "provider": "provider[\"registry.terraform.io/hashicorp/aws\"]",
      "instances": [
        {
          "schema_version": 0,
          "attributes": {
            "id": "5w5v26",
            "parent_id": "i00mmeho14",
            "path": "/delete_user",
            "path_part": "delete_user",
            "rest_api_id": "clxwfy5ti7"
          },
          "sensitive_attributes": [],
          "private": "bnVsbA==",
          "dependencies": [
            "module.api_gateway.aws_api_gateway_rest_api.auth_api"
          ],
          "create_before_destroy": true
        }
      ]
    },
    {
      "module": "module.api_gateway",
      "mode": "managed",
      "type": "aws_api_gateway_resource",
      "name": "register_user",
      "provider": "provider[\"registry.terraform.io/hashicorp/aws\"]",
      "instances": [
        {
          "schema_version": 0,
          "attributes": {
            "id": "0dahws",
            "parent_id": "i00mmeho14",
            "path": "/register_user",
            "path_part": "register_user",
            "rest_api_id": "clxwfy5ti7"
          },
          "sensitive_attributes": [],
          "private": "bnVsbA==",
          "dependencies": [
            "module.api_gateway.aws_api_gateway_rest_api.auth_api"
          ],
          "create_before_destroy": true
        }
      ]
    },
    {
      "module": "module.api_gateway",
      "mode": "managed",
      "type": "aws_api_gateway_resource",
      "name": "unknown_user",
      "provider": "provider[\"registry.terraform.io/hashicorp/aws\"]",
      "instances": [
        {
          "schema_version": 0,
          "attributes": {
            "id": "00o4kx",
            "parent_id": "i00mmeho14",
            "path": "/unknown_user",
            "path_part": "unknown_user",
            "rest_api_id": "clxwfy5ti7"
          },
          "sensitive_attributes": [],
          "private": "bnVsbA==",
          "dependencies": [
            "module.api_gateway.aws_api_gateway_rest_api.auth_api"
          ],
          "create_before_destroy": true
        }
      ]
    },
    {
      "module": "module.api_gateway",
      "mode": "managed",
      "type": "aws_api_gateway_rest_api",
      "name": "auth_api",
      "provider": "provider[\"registry.terraform.io/hashicorp/aws\"]",
      "instances": [
        {
          "schema_version": 0,
          "attributes": {
            "api_key_source": "HEADER",
            "arn": "arn:aws:apigateway:ap-south-1::/restapis/clxwfy5ti7",
            "binary_media_types": [],
            "body": null,
            "created_date": "2025-08-01T08:06:08Z",
            "description": "API for Cognito auth Lambda functions",
            "disable_execute_api_endpoint": false,
            "endpoint_configuration": [
              {
                "ip_address_type": "ipv4",
                "types": [
                  "EDGE"
                ],
                "vpc_endpoint_ids": []
              }
            ],
            "execution_arn": "arn:aws:execute-api:ap-south-1:211125304405:clxwfy5ti7",
            "fail_on_warnings": null,
            "id": "clxwfy5ti7",
            "minimum_compression_size": "",
            "name": "granimals-auth-api",
            "parameters": null,
            "policy": "",
            "put_rest_api_mode": null,
            "root_resource_id": "i00mmeho14",
            "tags": null,
            "tags_all": {}
          },
          "sensitive_attributes": [],
          "private": "bnVsbA==",
          "create_before_destroy": true
        }
      ]
    },
    {
      "module": "module.api_gateway",
      "mode": "managed",
      "type": "aws_api_gateway_stage",
      "name": "auth_stage",
      "provider": "provider[\"registry.terraform.io/hashicorp/aws\"]",
      "instances": [
        {
          "schema_version": 0,
          "attributes": {
            "access_log_settings": [],
            "arn": "arn:aws:apigateway:ap-south-1::/restapis/clxwfy5ti7/stages/dev",
            "cache_cluster_enabled": false,
            "cache_cluster_size": "",
            "canary_settings": [],
            "client_certificate_id": "",
            "deployment_id": "aapyz0",
            "description": "",
            "documentation_version": "",
            "execution_arn": "arn:aws:execute-api:ap-south-1:211125304405:clxwfy5ti7/dev",
            "id": "ags-clxwfy5ti7-dev",
            "invoke_url": "https://clxwfy5ti7.execute-api.ap-south-1.amazonaws.com/dev",
            "rest_api_id": "clxwfy5ti7",
            "stage_name": "dev",
            "tags": null,
            "tags_all": {},
            "variables": null,
            "web_acl_arn": "",
            "xray_tracing_enabled": false
          },
          "sensitive_attributes": [],
          "private": "bnVsbA==",
          "dependencies": [
            "module.api_gateway.aws_api_gateway_deployment.auth_deployment",
            "module.api_gateway.aws_api_gateway_integration.change_password_integration",
            "module.api_gateway.aws_api_gateway_integration.delete_user_integration",
            "module.api_gateway.aws_api_gateway_integration.register_user_integration",
            "module.api_gateway.aws_api_gateway_integration.unknown_user_integration",
            "module.api_gateway.aws_api_gateway_method.change_password_any",
            "module.api_gateway.aws_api_gateway_method.delete_user_any",
            "module.api_gateway.aws_api_gateway_method.register_user_any",
            "module.api_gateway.aws_api_gateway_method.unknown_user_any",
            "module.api_gateway.aws_api_gateway_resource.change_password",
            "module.api_gateway.aws_api_gateway_resource.delete_user",
            "module.api_gateway.aws_api_gateway_resource.register_user",
            "module.api_gateway.aws_api_gateway_resource.unknown_user",
            "module.api_gateway.aws_api_gateway_rest_api.auth_api",
            "module.lambda_change_password.aws_iam_policy.cognito_access_policy",
            "module.lambda_change_password.aws_iam_role.lambda_exec_role",
            "module.lambda_change_password.aws_iam_role_policy_attachment.lambda_basic_execution",
            "module.lambda_change_password.aws_iam_role_policy_attachment.lambda_cognito_access",
            "module.lambda_change_password.aws_iam_role_policy_attachment.lambda_logs",
            "module.lambda_change_password.aws_lambda_function.lambda_function",
            "module.lambda_delete_user.aws_iam_policy.cognito_access_policy",
            "module.lambda_delete_user.aws_iam_role.lambda_exec_role",
            "module.lambda_delete_user.aws_iam_role_policy_attachment.lambda_basic_execution",
            "module.lambda_delete_user.aws_iam_role_policy_attachment.lambda_cognito_access",
            "module.lambda_delete_user.aws_iam_role_policy_attachment.lambda_logs",
            "module.lambda_delete_user.aws_lambda_function.lambda_function",
            "module.lambda_register_user.aws_iam_policy.cognito_access_policy",
            "module.lambda_register_user.aws_iam_role.lambda_exec_role",
            "module.lambda_register_user.aws_iam_role_policy_attachment.lambda_basic_execution",
            "module.lambda_register_user.aws_iam_role_policy_attachment.lambda_cognito_access",
            "module.lambda_register_user.aws_iam_role_policy_attachment.lambda_logs",
            "module.lambda_register_user.aws_lambda_function.lambda_function",
            "module.lambda_unknown_user.aws_iam_policy.cognito_access_policy",
            "module.lambda_unknown_user.aws_iam_role.lambda_exec_role",
            "module.lambda_unknown_user.aws_iam_role_policy_attachment.lambda_basic_execution",
            "module.lambda_unknown_user.aws_iam_role_policy_attachment.lambda_cognito_access",
            "module.lambda_unknown_user.aws_iam_role_policy_attachment.lambda_logs",
            "module.lambda_unknown_user.aws_lambda_function.lambda_function"
          ]
        }
      ]
    },
    {
      "module": "module.lambda_change_password",
      "mode": "managed",
      "type": "aws_iam_policy",
      "name": "allow_invoke_register_user",
      "provider": "provider[\"registry.terraform.io/hashicorp/aws\"]",
      "instances": [
        {
          "schema_version": 0,
          "attributes": {
            "arn": "arn:aws:iam::211125304405:policy/AllowInvokeRegisterUser_change_password",
            "attachment_count": 0,
            "description": "Allow change_password Lambda to invoke register_user",
            "id": "arn:aws:iam::211125304405:policy/AllowInvokeRegisterUser_change_password",
            "name": "AllowInvokeRegisterUser_change_password",
            "name_prefix": "",
            "path": "/",
            "policy": "{\"Statement\":[{\"Action\":\"lambda:InvokeFunction\",\"Effect\":\"Allow\",\"Resource\":\"arn:aws:lambda:ap-south-1:211125304405:function:register_user\"}],\"Version\":\"2012-10-17\"}",
            "policy_id": "ANPATCKAMPRKU4N5XFJBE",
            "tags": null,
            "tags_all": {}
          },
          "sensitive_attributes": [],
          "private": "bnVsbA=="
        }
      ]
    },
    {
      "module": "module.lambda_change_password",
      "mode": "managed",
      "type": "aws_iam_policy",
      "name": "cognito_access_policy",
      "provider": "provider[\"registry.terraform.io/hashicorp/aws\"]",
      "instances": [
        {
          "schema_version": 0,
          "attributes": {
            "arn": "arn:aws:iam::211125304405:policy/change_password_cognito_access",
            "attachment_count": 0,
            "description": "",
            "id": "arn:aws:iam::211125304405:policy/change_password_cognito_access",
            "name": "change_password_cognito_access",
            "name_prefix": "",
            "path": "/",
            "policy": "{\"Statement\":[{\"Action\":[\"cognito-idp:AdminCreateUser\",\"cognito-idp:AdminDeleteUser\",\"cognito-idp:AdminSetUserPassword\",\"cognito-idp:AdminUpdateUserAttributes\",\"cognito-idp:AdminAddUserToGroup\",\"cognito-idp:AdminRemoveUserFromGroup\"],\"Effect\":\"Allow\",\"Resource\":\"*\"}],\"Version\":\"2012-10-17\"}",
            "policy_id": "ANPATCKAMPRK7HYB2T2WD",
            "tags": null,
            "tags_all": {}
          },
          "sensitive_attributes": [],
          "private": "bnVsbA==",
          "create_before_destroy": true
        }
      ]
    },
    {
      "module": "module.lambda_change_password",
      "mode": "managed",
      "type": "aws_iam_policy",
      "name": "lambda_ses_send_email",
      "provider": "provider[\"registry.terraform.io/hashicorp/aws\"]",
      "instances": [
        {
          "schema_version": 0,
          "attributes": {
            "arn": "arn:aws:iam::211125304405:policy/change_password-ses-send-email-policy",
            "attachment_count": 0,
            "description": "",
            "id": "arn:aws:iam::211125304405:policy/change_password-ses-send-email-policy",
            "name": "change_password-ses-send-email-policy",
            "name_prefix": "",
            "path": "/",
            "policy": "{\"Statement\":[{\"Action\":\"ses:SendEmail\",\"Effect\":\"Allow\",\"Resource\":\"*\"}],\"Version\":\"2012-10-17\"}",
            "policy_id": "ANPATCKAMPRKRQCYLXVWT",
            "tags": null,
            "tags_all": {}
          },
          "sensitive_attributes": [],
          "private": "bnVsbA=="
        }
      ]
    },
    {
      "module": "module.lambda_change_password",
      "mode": "managed",
      "type": "aws_iam_role",
      "name": "lambda_exec_role",
      "provider": "provider[\"registry.terraform.io/hashicorp/aws\"]",
      "instances": [
        {
          "schema_version": 0,
          "attributes": {
            "arn": "arn:aws:iam::211125304405:role/change_password_execution_role",
            "assume_role_policy": "{\"Statement\":[{\"Action\":\"sts:AssumeRole\",\"Effect\":\"Allow\",\"Principal\":{\"Service\":\"lambda.amazonaws.com\"}}],\"Version\":\"2012-10-17\"}",
            "create_date": "2025-08-01T08:06:06Z",
            "description": "",
            "force_detach_policies": false,
            "id": "change_password_execution_role",
            "inline_policy": [],
            "managed_policy_arns": [],
            "max_session_duration": 3600,
            "name": "change_password_execution_role",
            "name_prefix": "",
            "path": "/",
            "permissions_boundary": "",
            "tags": null,
            "tags_all": {},
            "unique_id": "AROATCKAMPRKSURBPWNO6"
          },
          "sensitive_attributes": [],
          "private": "bnVsbA==",
          "create_before_destroy": true
        }
      ]
    },
    {
      "module": "module.lambda_change_password",
      "mode": "managed",
      "type": "aws_iam_role_policy_attachment",
      "name": "lambda_basic_execution",
      "provider": "provider[\"registry.terraform.io/hashicorp/aws\"]",
      "instances": [
        {
          "schema_version": 0,
          "attributes": {
            "id": "change_password_execution_role-20250801080609221700000005",
            "policy_arn": "arn:aws:iam::aws:policy/service-role/AWSLambdaBasicExecutionRole",
            "role": "change_password_execution_role"
          },
          "sensitive_attributes": [],
          "private": "bnVsbA==",
          "dependencies": [
            "module.lambda_change_password.aws_iam_role.lambda_exec_role"
          ],
          "create_before_destroy": true
        }
      ]
    },
    {
      "module": "module.lambda_change_password",
      "mode": "managed",
      "type": "aws_iam_role_policy_attachment",
      "name": "lambda_cognito_access",
      "provider": "provider[\"registry.terraform.io/hashicorp/aws\"]",
      "instances": [
        {
          "schema_version": 0,
          "attributes": {
            "id": "change_password_execution_role-20250801080609221700000006",
            "policy_arn": "arn:aws:iam::211125304405:policy/change_password_cognito_access",
            "role": "change_password_execution_role"
          },
          "sensitive_attributes": [],
          "private": "bnVsbA==",
          "dependencies": [
            "module.lambda_change_password.aws_iam_policy.cognito_access_policy",
            "module.lambda_change_password.aws_iam_role.lambda_exec_role"
          ],
          "create_before_destroy": true
        }
      ]
    },
    {
      "module": "module.lambda_change_password",
      "mode": "managed",
      "type": "aws_iam_role_policy_attachment",
      "name": "lambda_logs",
      "provider": "provider[\"registry.terraform.io/hashicorp/aws\"]",
      "instances": [
        {
          "schema_version": 0,
          "attributes": {
            "id": "change_password_execution_role-20250801080609258400000007",
            "policy_arn": "arn:aws:iam::aws:policy/service-role/AWSLambdaBasicExecutionRole",
            "role": "change_password_execution_role"
          },
          "sensitive_attributes": [],
          "private": "bnVsbA==",
          "dependencies": [
            "module.lambda_change_password.aws_iam_role.lambda_exec_role"
          ],
          "create_before_destroy": true
        }
      ]
    },
    {
      "module": "module.lambda_change_password",
      "mode": "managed",
      "type": "aws_iam_role_policy_attachment",
      "name": "lambda_ses_attach",
      "provider": "provider[\"registry.terraform.io/hashicorp/aws\"]",
      "instances": [
        {
          "schema_version": 0,
          "attributes": {
            "id": "change_password_execution_role-20250801080609301500000008",
            "policy_arn": "arn:aws:iam::211125304405:policy/change_password-ses-send-email-policy",
            "role": "change_password_execution_role"
          },
          "sensitive_attributes": [],
          "private": "bnVsbA==",
          "dependencies": [
            "module.lambda_change_password.aws_iam_policy.lambda_ses_send_email",
            "module.lambda_change_password.aws_iam_role.lambda_exec_role"
          ]
        }
      ]
    },
    {
      "module": "module.lambda_change_password",
      "mode": "managed",
      "type": "aws_lambda_function",
      "name": "lambda_function",
      "provider": "provider[\"registry.terraform.io/hashicorp/aws\"]",
      "instances": [
        {
          "schema_version": 0,
          "attributes": {
            "architectures": [
              "x86_64"
            ],
            "arn": "arn:aws:lambda:ap-south-1:211125304405:function:change_password",
            "code_sha256": "TNYnXpR8UXY8fw0n5udW8JuuryThox7JvIPaEyjInYg=",
            "code_signing_config_arn": "",
            "dead_letter_config": [],
            "description": "",
            "environment": [
              {
                "variables": {
                  "FROM_EMAIL": "rahul.khandelwal@granimals.com",
                  "USER_GROUPS": "client,admin,physiotherapist,nutritionist,guest_admin,guest_physio,guest_nutrition",
                  "USER_POOL_CLIENT_ID": "74oivi4jf3c7batf64b5g3spen",
                  "USER_POOL_ID": "ap-south-1_YjeFkbY7H"
                }
              }
            ],
            "ephemeral_storage": [
              {
                "size": 512
              }
            ],
            "file_system_config": [],
            "filename": null,
            "function_name": "change_password",
            "handler": "change_password.lambda_handler",
            "id": "change_password",
            "image_config": [],
            "image_uri": "",
            "invoke_arn": "arn:aws:apigateway:ap-south-1:lambda:path/2015-03-31/functions/arn:aws:lambda:ap-south-1:211125304405:function:change_password/invocations",
            "kms_key_arn": "",
            "last_modified": "2025-08-01T08:06:18.057+0000",
            "layers": null,
            "logging_config": [
              {
                "application_log_level": "",
                "log_format": "Text",
                "log_group": "/aws/lambda/change_password",
                "system_log_level": ""
              }
            ],
            "memory_size": 128,
            "package_type": "Zip",
            "publish": false,
            "qualified_arn": "arn:aws:lambda:ap-south-1:211125304405:function:change_password:$LATEST",
            "qualified_invoke_arn": "arn:aws:apigateway:ap-south-1:lambda:path/2015-03-31/functions/arn:aws:lambda:ap-south-1:211125304405:function:change_password:$LATEST/invocations",
            "replace_security_groups_on_destroy": null,
            "replacement_security_group_ids": null,
            "reserved_concurrent_executions": -1,
            "role": "arn:aws:iam::211125304405:role/change_password_execution_role",
            "runtime": "python3.12",
            "s3_bucket": "granimals-auth-lambdas",
            "s3_key": "change_password.zip",
            "s3_object_version": null,
            "signing_job_arn": "",
            "signing_profile_version_arn": "",
            "skip_destroy": false,
            "snap_start": [],
            "source_code_hash": "",
            "source_code_size": 222165,
            "tags": null,
            "tags_all": {},
            "timeout": 3,
            "timeouts": null,
            "tracing_config": [
              {
                "mode": "PassThrough"
              }
            ],
            "version": "$LATEST",
            "vpc_config": []
          },
          "sensitive_attributes": [],
          "private": "eyJlMmJmYjczMC1lY2FhLTExZTYtOGY4OC0zNDM2M2JjN2M0YzAiOnsiY3JlYXRlIjo2MDAwMDAwMDAwMDAsImRlbGV0ZSI6NjAwMDAwMDAwMDAwLCJ1cGRhdGUiOjYwMDAwMDAwMDAwMH19",
          "dependencies": [
            "module.lambda_change_password.aws_iam_policy.cognito_access_policy",
            "module.lambda_change_password.aws_iam_role.lambda_exec_role",
            "module.lambda_change_password.aws_iam_role_policy_attachment.lambda_basic_execution",
            "module.lambda_change_password.aws_iam_role_policy_attachment.lambda_cognito_access",
            "module.lambda_change_password.aws_iam_role_policy_attachment.lambda_logs"
          ],
          "create_before_destroy": true
        }
      ]
    },
    {
      "module": "module.lambda_change_password",
      "mode": "managed",
      "type": "aws_lambda_permission",
      "name": "api_gateway",
      "provider": "provider[\"registry.terraform.io/hashicorp/aws\"]",
      "instances": [
        {
          "index_key": 0,
          "schema_version": 0,
          "attributes": {
            "action": "lambda:InvokeFunction",
            "event_source_token": null,
            "function_name": "change_password",
            "function_url_auth_type": null,
            "id": "AllowExecutionFromAPIGateway-0",
            "principal": "apigateway.amazonaws.com",
            "principal_org_id": null,
            "qualifier": "",
            "source_account": null,
            "source_arn": "arn:aws:execute-api:ap-south-1:211125304405:clxwfy5ti7/*/*/change_password",
            "statement_id": "AllowExecutionFromAPIGateway-0",
            "statement_id_prefix": ""
          },
          "sensitive_attributes": [],
          "private": "bnVsbA==",
          "dependencies": [
            "module.api_gateway.aws_api_gateway_rest_api.auth_api",
            "module.lambda_change_password.aws_iam_policy.cognito_access_policy",
            "module.lambda_change_password.aws_iam_role.lambda_exec_role",
            "module.lambda_change_password.aws_iam_role_policy_attachment.lambda_basic_execution",
            "module.lambda_change_password.aws_iam_role_policy_attachment.lambda_cognito_access",
            "module.lambda_change_password.aws_iam_role_policy_attachment.lambda_logs",
            "module.lambda_change_password.aws_lambda_function.lambda_function"
          ]
        }
      ]
    },
    {
      "module": "module.lambda_change_password",
      "mode": "managed",
      "type": "aws_lambda_permission",
      "name": "api_gateway_permission",
      "provider": "provider[\"registry.terraform.io/hashicorp/aws\"]",
      "instances": [
        {
          "schema_version": 0,
          "attributes": {
            "action": "lambda:InvokeFunction",
            "event_source_token": null,
            "function_name": "change_password",
            "function_url_auth_type": null,
            "id": "AllowExecutionFromAPIGateway",
            "principal": "apigateway.amazonaws.com",
            "principal_org_id": null,
            "qualifier": "",
            "source_account": null,
            "source_arn": "arn:aws:execute-api:ap-south-1:211125304405:clxwfy5ti7",
            "statement_id": "AllowExecutionFromAPIGateway",
            "statement_id_prefix": ""
          },
          "sensitive_attributes": [],
          "private": "bnVsbA==",
          "dependencies": [
            "module.api_gateway.aws_api_gateway_rest_api.auth_api",
            "module.lambda_change_password.aws_iam_policy.cognito_access_policy",
            "module.lambda_change_password.aws_iam_role.lambda_exec_role",
            "module.lambda_change_password.aws_iam_role_policy_attachment.lambda_basic_execution",
            "module.lambda_change_password.aws_iam_role_policy_attachment.lambda_cognito_access",
            "module.lambda_change_password.aws_iam_role_policy_attachment.lambda_logs",
            "module.lambda_change_password.aws_lambda_function.lambda_function"
          ]
        }
      ]
    },
    {
      "module": "module.lambda_delete_user",
      "mode": "managed",
      "type": "aws_iam_policy",
      "name": "allow_invoke_register_user",
      "provider": "provider[\"registry.terraform.io/hashicorp/aws\"]",
      "instances": [
        {
          "schema_version": 0,
          "attributes": {
            "arn": "arn:aws:iam::211125304405:policy/AllowInvokeRegisterUser_delete_user",
            "attachment_count": 0,
            "description": "Allow delete_user Lambda to invoke register_user",
            "id": "arn:aws:iam::211125304405:policy/AllowInvokeRegisterUser_delete_user",
            "name": "AllowInvokeRegisterUser_delete_user",
            "name_prefix": "",
            "path": "/",
            "policy": "{\"Statement\":[{\"Action\":\"lambda:InvokeFunction\",\"Effect\":\"Allow\",\"Resource\":\"arn:aws:lambda:ap-south-1:211125304405:function:register_user\"}],\"Version\":\"2012-10-17\"}",
            "policy_id": "ANPATCKAMPRKXRBEFWNL6",
            "tags": null,
            "tags_all": {}
          },
          "sensitive_attributes": [],
          "private": "bnVsbA=="
        }
      ]
    },
    {
      "module": "module.lambda_delete_user",
      "mode": "managed",
      "type": "aws_iam_policy",
      "name": "cognito_access_policy",
      "provider": "provider[\"registry.terraform.io/hashicorp/aws\"]",
      "instances": [
        {
          "schema_version": 0,
          "attributes": {
            "arn": "arn:aws:iam::211125304405:policy/delete_user_cognito_access",
            "attachment_count": 0,
            "description": "",
            "id": "arn:aws:iam::211125304405:policy/delete_user_cognito_access",
            "name": "delete_user_cognito_access",
            "name_prefix": "",
            "path": "/",
            "policy": "{\"Statement\":[{\"Action\":[\"cognito-idp:AdminCreateUser\",\"cognito-idp:AdminDeleteUser\",\"cognito-idp:AdminSetUserPassword\",\"cognito-idp:AdminUpdateUserAttributes\",\"cognito-idp:AdminAddUserToGroup\",\"cognito-idp:AdminRemoveUserFromGroup\"],\"Effect\":\"Allow\",\"Resource\":\"*\"}],\"Version\":\"2012-10-17\"}",
            "policy_id": "ANPATCKAMPRKW4DG43ONO",
            "tags": null,
            "tags_all": {}
          },
          "sensitive_attributes": [],
          "private": "bnVsbA==",
          "create_before_destroy": true
        }
      ]
    },
    {
      "module": "module.lambda_delete_user",
      "mode": "managed",
      "type": "aws_iam_policy",
      "name": "lambda_ses_send_email",
      "provider": "provider[\"registry.terraform.io/hashicorp/aws\"]",
      "instances": [
        {
          "schema_version": 0,
          "attributes": {
            "arn": "arn:aws:iam::211125304405:policy/delete_user-ses-send-email-policy",
            "attachment_count": 0,
            "description": "",
            "id": "arn:aws:iam::211125304405:policy/delete_user-ses-send-email-policy",
            "name": "delete_user-ses-send-email-policy",
            "name_prefix": "",
            "path": "/",
            "policy": "{\"Statement\":[{\"Action\":\"ses:SendEmail\",\"Effect\":\"Allow\",\"Resource\":\"*\"}],\"Version\":\"2012-10-17\"}",
            "policy_id": "ANPATCKAMPRKZMM7SHYLY",
            "tags": null,
            "tags_all": {}
          },
          "sensitive_attributes": [],
          "private": "bnVsbA=="
        }
      ]
    },
    {
      "module": "module.lambda_delete_user",
      "mode": "managed",
      "type": "aws_iam_role",
      "name": "lambda_exec_role",
      "provider": "provider[\"registry.terraform.io/hashicorp/aws\"]",
      "instances": [
        {
          "schema_version": 0,
          "attributes": {
            "arn": "arn:aws:iam::211125304405:role/delete_user_execution_role",
            "assume_role_policy": "{\"Statement\":[{\"Action\":\"sts:AssumeRole\",\"Effect\":\"Allow\",\"Principal\":{\"Service\":\"lambda.amazonaws.com\"}}],\"Version\":\"2012-10-17\"}",
            "create_date": "2025-08-01T08:06:07Z",
            "description": "",
            "force_detach_policies": false,
            "id": "delete_user_execution_role",
            "inline_policy": [],
            "managed_policy_arns": [],
            "max_session_duration": 3600,
            "name": "delete_user_execution_role",
            "name_prefix": "",
            "path": "/",
            "permissions_boundary": "",
            "tags": null,
            "tags_all": {},
            "unique_id": "AROATCKAMPRKZMREEAEEJ"
          },
          "sensitive_attributes": [],
          "private": "bnVsbA==",
          "create_before_destroy": true
        }
      ]
    },
    {
      "module": "module.lambda_delete_user",
      "mode": "managed",
      "type": "aws_iam_role_policy_attachment",
      "name": "lambda_basic_execution",
      "provider": "provider[\"registry.terraform.io/hashicorp/aws\"]",
      "instances": [
        {
          "schema_version": 0,
          "attributes": {
            "id": "delete_user_execution_role-2025080108060980500000000f",
            "policy_arn": "arn:aws:iam::aws:policy/service-role/AWSLambdaBasicExecutionRole",
            "role": "delete_user_execution_role"
          },
          "sensitive_attributes": [],
          "private": "bnVsbA==",
          "dependencies": [
            "module.lambda_delete_user.aws_iam_role.lambda_exec_role"
          ],
          "create_before_destroy": true
        }
      ]
    },
    {
      "module": "module.lambda_delete_user",
      "mode": "managed",
      "type": "aws_iam_role_policy_attachment",
      "name": "lambda_cognito_access",
      "provider": "provider[\"registry.terraform.io/hashicorp/aws\"]",
      "instances": [
        {
          "schema_version": 0,
          "attributes": {
            "id": "delete_user_execution_role-2025080108060972590000000d",
            "policy_arn": "arn:aws:iam::211125304405:policy/delete_user_cognito_access",
            "role": "delete_user_execution_role"
          },
          "sensitive_attributes": [],
          "private": "bnVsbA==",
          "dependencies": [
            "module.lambda_delete_user.aws_iam_policy.cognito_access_policy",
            "module.lambda_delete_user.aws_iam_role.lambda_exec_role"
          ],
          "create_before_destroy": true
        }
      ]
    },
    {
      "module": "module.lambda_delete_user",
      "mode": "managed",
      "type": "aws_iam_role_policy_attachment",
      "name": "lambda_logs",
      "provider": "provider[\"registry.terraform.io/hashicorp/aws\"]",
      "instances": [
        {
          "schema_version": 0,
          "attributes": {
            "id": "delete_user_execution_role-2025080108060978990000000e",
            "policy_arn": "arn:aws:iam::aws:policy/service-role/AWSLambdaBasicExecutionRole",
            "role": "delete_user_execution_role"
          },
          "sensitive_attributes": [],
          "private": "bnVsbA==",
          "dependencies": [
            "module.lambda_delete_user.aws_iam_role.lambda_exec_role"
          ],
          "create_before_destroy": true
        }
      ]
    },
    {
      "module": "module.lambda_delete_user",
      "mode": "managed",
      "type": "aws_iam_role_policy_attachment",
      "name": "lambda_ses_attach",
      "provider": "provider[\"registry.terraform.io/hashicorp/aws\"]",
      "instances": [
        {
          "schema_version": 0,
          "attributes": {
            "id": "delete_user_execution_role-20250801080609828300000010",
            "policy_arn": "arn:aws:iam::211125304405:policy/delete_user-ses-send-email-policy",
            "role": "delete_user_execution_role"
          },
          "sensitive_attributes": [],
          "private": "bnVsbA==",
          "dependencies": [
            "module.lambda_delete_user.aws_iam_policy.lambda_ses_send_email",
            "module.lambda_delete_user.aws_iam_role.lambda_exec_role"
          ]
        }
      ]
    },
    {
      "module": "module.lambda_delete_user",
      "mode": "managed",
      "type": "aws_lambda_function",
      "name": "lambda_function",
      "provider": "provider[\"registry.terraform.io/hashicorp/aws\"]",
      "instances": [
        {
          "schema_version": 0,
          "attributes": {
            "architectures": [
              "x86_64"
            ],
            "arn": "arn:aws:lambda:ap-south-1:211125304405:function:delete_user",
            "code_sha256": "i0ZVVwF7INgTpyCx1+LwqFSnj56pmYHJ1U8TAcXlOWo=",
            "code_signing_config_arn": "",
            "dead_letter_config": [],
            "description": "",
            "environment": [
              {
                "variables": {
                  "FROM_EMAIL": "rahul.khandelwal@granimals.com",
                  "USER_GROUPS": "client,admin,physiotherapist,nutritionist,guest_admin,guest_physio,guest_nutrition",
                  "USER_POOL_CLIENT_ID": "74oivi4jf3c7batf64b5g3spen",
                  "USER_POOL_ID": "ap-south-1_YjeFkbY7H"
                }
              }
            ],
            "ephemeral_storage": [
              {
                "size": 512
              }
            ],
            "file_system_config": [],
            "filename": null,
            "function_name": "delete_user",
            "handler": "delete_user.lambda_handler",
            "id": "delete_user",
            "image_config": [],
            "image_uri": "",
            "invoke_arn": "arn:aws:apigateway:ap-south-1:lambda:path/2015-03-31/functions/arn:aws:lambda:ap-south-1:211125304405:function:delete_user/invocations",
            "kms_key_arn": "",
            "last_modified": "2025-08-01T08:06:18.484+0000",
            "layers": null,
            "logging_config": [
              {
                "application_log_level": "",
                "log_format": "Text",
                "log_group": "/aws/lambda/delete_user",
                "system_log_level": ""
              }
            ],
            "memory_size": 128,
            "package_type": "Zip",
            "publish": false,
            "qualified_arn": "arn:aws:lambda:ap-south-1:211125304405:function:delete_user:$LATEST",
            "qualified_invoke_arn": "arn:aws:apigateway:ap-south-1:lambda:path/2015-03-31/functions/arn:aws:lambda:ap-south-1:211125304405:function:delete_user:$LATEST/invocations",
            "replace_security_groups_on_destroy": null,
            "replacement_security_group_ids": null,
            "reserved_concurrent_executions": -1,
            "role": "arn:aws:iam::211125304405:role/delete_user_execution_role",
            "runtime": "python3.12",
            "s3_bucket": "granimals-auth-lambdas",
            "s3_key": "delete_user.zip",
            "s3_object_version": null,
            "signing_job_arn": "",
            "signing_profile_version_arn": "",
            "skip_destroy": false,
            "snap_start": [],
            "source_code_hash": "",
            "source_code_size": 222113,
            "tags": null,
            "tags_all": {},
            "timeout": 3,
            "timeouts": null,
            "tracing_config": [
              {
                "mode": "PassThrough"
              }
            ],
            "version": "$LATEST",
            "vpc_config": []
          },
          "sensitive_attributes": [],
          "private": "eyJlMmJmYjczMC1lY2FhLTExZTYtOGY4OC0zNDM2M2JjN2M0YzAiOnsiY3JlYXRlIjo2MDAwMDAwMDAwMDAsImRlbGV0ZSI6NjAwMDAwMDAwMDAwLCJ1cGRhdGUiOjYwMDAwMDAwMDAwMH19",
          "dependencies": [
            "module.lambda_delete_user.aws_iam_policy.cognito_access_policy",
            "module.lambda_delete_user.aws_iam_role.lambda_exec_role",
            "module.lambda_delete_user.aws_iam_role_policy_attachment.lambda_basic_execution",
            "module.lambda_delete_user.aws_iam_role_policy_attachment.lambda_cognito_access",
            "module.lambda_delete_user.aws_iam_role_policy_attachment.lambda_logs"
          ],
          "create_before_destroy": true
        }
      ]
    },
    {
      "module": "module.lambda_delete_user",
      "mode": "managed",
      "type": "aws_lambda_permission",
      "name": "api_gateway",
      "provider": "provider[\"registry.terraform.io/hashicorp/aws\"]",
      "instances": [
        {
          "index_key": 0,
          "schema_version": 0,
          "attributes": {
            "action": "lambda:InvokeFunction",
            "event_source_token": null,
            "function_name": "delete_user",
            "function_url_auth_type": null,
            "id": "AllowExecutionFromAPIGateway-0",
            "principal": "apigateway.amazonaws.com",
            "principal_org_id": null,
            "qualifier": "",
            "source_account": null,
            "source_arn": "arn:aws:execute-api:ap-south-1:211125304405:clxwfy5ti7/*/*/delete_user",
            "statement_id": "AllowExecutionFromAPIGateway-0",
            "statement_id_prefix": ""
          },
          "sensitive_attributes": [],
          "private": "bnVsbA==",
          "dependencies": [
            "module.api_gateway.aws_api_gateway_rest_api.auth_api",
            "module.lambda_delete_user.aws_iam_policy.cognito_access_policy",
            "module.lambda_delete_user.aws_iam_role.lambda_exec_role",
            "module.lambda_delete_user.aws_iam_role_policy_attachment.lambda_basic_execution",
            "module.lambda_delete_user.aws_iam_role_policy_attachment.lambda_cognito_access",
            "module.lambda_delete_user.aws_iam_role_policy_attachment.lambda_logs",
            "module.lambda_delete_user.aws_lambda_function.lambda_function"
          ]
        }
      ]
    },
    {
      "module": "module.lambda_delete_user",
      "mode": "managed",
      "type": "aws_lambda_permission",
      "name": "api_gateway_permission",
      "provider": "provider[\"registry.terraform.io/hashicorp/aws\"]",
      "instances": [
        {
          "schema_version": 0,
          "attributes": {
            "action": "lambda:InvokeFunction",
            "event_source_token": null,
            "function_name": "delete_user",
            "function_url_auth_type": null,
            "id": "AllowExecutionFromAPIGateway",
            "principal": "apigateway.amazonaws.com",
            "principal_org_id": null,
            "qualifier": "",
            "source_account": null,
            "source_arn": "arn:aws:execute-api:ap-south-1:211125304405:clxwfy5ti7",
            "statement_id": "AllowExecutionFromAPIGateway",
            "statement_id_prefix": ""
          },
          "sensitive_attributes": [],
          "private": "bnVsbA==",
          "dependencies": [
            "module.api_gateway.aws_api_gateway_rest_api.auth_api",
            "module.lambda_delete_user.aws_iam_policy.cognito_access_policy",
            "module.lambda_delete_user.aws_iam_role.lambda_exec_role",
            "module.lambda_delete_user.aws_iam_role_policy_attachment.lambda_basic_execution",
            "module.lambda_delete_user.aws_iam_role_policy_attachment.lambda_cognito_access",
            "module.lambda_delete_user.aws_iam_role_policy_attachment.lambda_logs",
            "module.lambda_delete_user.aws_lambda_function.lambda_function"
          ]
        }
      ]
    },
    {
      "module": "module.lambda_register_user",
      "mode": "managed",
      "type": "aws_iam_policy",
      "name": "allow_invoke_register_user",
      "provider": "provider[\"registry.terraform.io/hashicorp/aws\"]",
      "instances": [
        {
          "schema_version": 0,
          "attributes": {
            "arn": "arn:aws:iam::211125304405:policy/AllowInvokeRegisterUser_register_user",
            "attachment_count": 0,
            "description": "Allow register_user Lambda to invoke register_user",
            "id": "arn:aws:iam::211125304405:policy/AllowInvokeRegisterUser_register_user",
            "name": "AllowInvokeRegisterUser_register_user",
            "name_prefix": "",
            "path": "/",
            "policy": "{\"Statement\":[{\"Action\":\"lambda:InvokeFunction\",\"Effect\":\"Allow\",\"Resource\":\"arn:aws:lambda:ap-south-1:211125304405:function:register_user\"}],\"Version\":\"2012-10-17\"}",
            "policy_id": "ANPATCKAMPRK35R5CYGVU",
            "tags": null,
            "tags_all": {}
          },
          "sensitive_attributes": [],
          "private": "bnVsbA=="
        }
      ]
    },
    {
      "module": "module.lambda_register_user",
      "mode": "managed",
      "type": "aws_iam_policy",
      "name": "cognito_access_policy",
      "provider": "provider[\"registry.terraform.io/hashicorp/aws\"]",
      "instances": [
        {
          "schema_version": 0,
          "attributes": {
            "arn": "arn:aws:iam::211125304405:policy/register_user_cognito_access",
            "attachment_count": 0,
            "description": "",
            "id": "arn:aws:iam::211125304405:policy/register_user_cognito_access",
            "name": "register_user_cognito_access",
            "name_prefix": "",
            "path": "/",
            "policy": "{\"Statement\":[{\"Action\":[\"cognito-idp:AdminCreateUser\",\"cognito-idp:AdminDeleteUser\",\"cognito-idp:AdminSetUserPassword\",\"cognito-idp:AdminUpdateUserAttributes\",\"cognito-idp:AdminAddUserToGroup\",\"cognito-idp:AdminRemoveUserFromGroup\"],\"Effect\":\"Allow\",\"Resource\":\"*\"}],\"Version\":\"2012-10-17\"}",
            "policy_id": "ANPATCKAMPRKRGR6J5YWP",
            "tags": null,
            "tags_all": {}
          },
          "sensitive_attributes": [],
          "private": "bnVsbA==",
          "create_before_destroy": true
        }
      ]
    },
    {
      "module": "module.lambda_register_user",
      "mode": "managed",
      "type": "aws_iam_policy",
      "name": "lambda_ses_send_email",
      "provider": "provider[\"registry.terraform.io/hashicorp/aws\"]",
      "instances": [
        {
          "schema_version": 0,
          "attributes": {
            "arn": "arn:aws:iam::211125304405:policy/register_user-ses-send-email-policy",
            "attachment_count": 0,
            "description": "",
            "id": "arn:aws:iam::211125304405:policy/register_user-ses-send-email-policy",
            "name": "register_user-ses-send-email-policy",
            "name_prefix": "",
            "path": "/",
            "policy": "{\"Statement\":[{\"Action\":\"ses:SendEmail\",\"Effect\":\"Allow\",\"Resource\":\"*\"}],\"Version\":\"2012-10-17\"}",
            "policy_id": "ANPATCKAMPRK4FVRU2TAZ",
            "tags": null,
            "tags_all": {}
          },
          "sensitive_attributes": [],
          "private": "bnVsbA=="
        }
      ]
    },
    {
      "module": "module.lambda_register_user",
      "mode": "managed",
      "type": "aws_iam_role",
      "name": "lambda_exec_role",
      "provider": "provider[\"registry.terraform.io/hashicorp/aws\"]",
      "instances": [
        {
          "schema_version": 0,
          "attributes": {
            "arn": "arn:aws:iam::211125304405:role/register_user_execution_role",
            "assume_role_policy": "{\"Statement\":[{\"Action\":\"sts:AssumeRole\",\"Effect\":\"Allow\",\"Principal\":{\"Service\":\"lambda.amazonaws.com\"}}],\"Version\":\"2012-10-17\"}",
            "create_date": "2025-08-01T08:06:06Z",
            "description": "",
            "force_detach_policies": false,
            "id": "register_user_execution_role",
            "inline_policy": [],
            "managed_policy_arns": [],
            "max_session_duration": 3600,
            "name": "register_user_execution_role",
            "name_prefix": "",
            "path": "/",
            "permissions_boundary": "",
            "tags": null,
            "tags_all": {},
            "unique_id": "AROATCKAMPRKWDBIFREEB"
          },
          "sensitive_attributes": [],
          "private": "bnVsbA==",
          "create_before_destroy": true
        }
      ]
    },
    {
      "module": "module.lambda_register_user",
      "mode": "managed",
      "type": "aws_iam_role_policy_attachment",
      "name": "lambda_basic_execution",
      "provider": "provider[\"registry.terraform.io/hashicorp/aws\"]",
      "instances": [
        {
          "schema_version": 0,
          "attributes": {
            "id": "register_user_execution_role-20250801080608883800000003",
            "policy_arn": "arn:aws:iam::aws:policy/service-role/AWSLambdaBasicExecutionRole",
            "role": "register_user_execution_role"
          },
          "sensitive_attributes": [],
          "private": "bnVsbA==",
          "dependencies": [
            "module.lambda_register_user.aws_iam_role.lambda_exec_role"
          ],
          "create_before_destroy": true
        }
      ]
    },
    {
      "module": "module.lambda_register_user",
      "mode": "managed",
      "type": "aws_iam_role_policy_attachment",
      "name": "lambda_cognito_access",
      "provider": "provider[\"registry.terraform.io/hashicorp/aws\"]",
      "instances": [
        {
          "schema_version": 0,
          "attributes": {
            "id": "register_user_execution_role-20250801080609180600000004",
            "policy_arn": "arn:aws:iam::211125304405:policy/register_user_cognito_access",
            "role": "register_user_execution_role"
          },
          "sensitive_attributes": [],
          "private": "bnVsbA==",
          "dependencies": [
            "module.lambda_register_user.aws_iam_policy.cognito_access_policy",
            "module.lambda_register_user.aws_iam_role.lambda_exec_role"
          ],
          "create_before_destroy": true
        }
      ]
    },
    {
      "module": "module.lambda_register_user",
      "mode": "managed",
      "type": "aws_iam_role_policy_attachment",
      "name": "lambda_logs",
      "provider": "provider[\"registry.terraform.io/hashicorp/aws\"]",
      "instances": [
        {
          "schema_version": 0,
          "attributes": {
            "id": "register_user_execution_role-20250801080608699100000001",
            "policy_arn": "arn:aws:iam::aws:policy/service-role/AWSLambdaBasicExecutionRole",
            "role": "register_user_execution_role"
          },
          "sensitive_attributes": [],
          "private": "bnVsbA==",
          "dependencies": [
            "module.lambda_register_user.aws_iam_role.lambda_exec_role"
          ],
          "create_before_destroy": true
        }
      ]
    },
    {
      "module": "module.lambda_register_user",
      "mode": "managed",
      "type": "aws_iam_role_policy_attachment",
      "name": "lambda_ses_attach",
      "provider": "provider[\"registry.terraform.io/hashicorp/aws\"]",
      "instances": [
        {
          "schema_version": 0,
          "attributes": {
            "id": "register_user_execution_role-20250801080608699100000002",
            "policy_arn": "arn:aws:iam::211125304405:policy/register_user-ses-send-email-policy",
            "role": "register_user_execution_role"
          },
          "sensitive_attributes": [],
          "private": "bnVsbA==",
          "dependencies": [
            "module.lambda_register_user.aws_iam_policy.lambda_ses_send_email",
            "module.lambda_register_user.aws_iam_role.lambda_exec_role"
          ]
        }
      ]
    },
    {
      "module": "module.lambda_register_user",
      "mode": "managed",
      "type": "aws_lambda_function",
      "name": "lambda_function",
      "provider": "provider[\"registry.terraform.io/hashicorp/aws\"]",
      "instances": [
        {
          "schema_version": 0,
          "attributes": {
            "architectures": [
              "x86_64"
            ],
            "arn": "arn:aws:lambda:ap-south-1:211125304405:function:register_user",
            "code_sha256": "uTLcnKy+HYea0F+p3HhUAz1ZUZ5uyyHylJwMlIr6n70=",
            "code_signing_config_arn": "",
            "dead_letter_config": [],
            "description": "",
            "environment": [
              {
                "variables": {
                  "FROM_EMAIL": "rahul.khandelwal@granimals.com",
                  "USER_GROUPS": "client,admin,physiotherapist,nutritionist,guest_admin,guest_physio,guest_nutrition",
                  "USER_POOL_CLIENT_ID": "74oivi4jf3c7batf64b5g3spen",
                  "USER_POOL_ID": "ap-south-1_YjeFkbY7H"
                }
              }
            ],
            "ephemeral_storage": [
              {
                "size": 512
              }
            ],
            "file_system_config": [],
            "filename": null,
            "function_name": "register_user",
            "handler": "register_user.lambda_handler",
            "id": "register_user",
            "image_config": [],
            "image_uri": "",
            "invoke_arn": "arn:aws:apigateway:ap-south-1:lambda:path/2015-03-31/functions/arn:aws:lambda:ap-south-1:211125304405:function:register_user/invocations",
            "kms_key_arn": "",
            "last_modified": "2025-08-01T08:06:13.552+0000",
            "layers": null,
            "logging_config": [
              {
                "application_log_level": "",
                "log_format": "Text",
                "log_group": "/aws/lambda/register_user",
                "system_log_level": ""
              }
            ],
            "memory_size": 128,
            "package_type": "Zip",
            "publish": false,
            "qualified_arn": "arn:aws:lambda:ap-south-1:211125304405:function:register_user:$LATEST",
            "qualified_invoke_arn": "arn:aws:apigateway:ap-south-1:lambda:path/2015-03-31/functions/arn:aws:lambda:ap-south-1:211125304405:function:register_user:$LATEST/invocations",
            "replace_security_groups_on_destroy": null,
            "replacement_security_group_ids": null,
            "reserved_concurrent_executions": -1,
            "role": "arn:aws:iam::211125304405:role/register_user_execution_role",
            "runtime": "python3.12",
            "s3_bucket": "granimals-auth-lambdas",
            "s3_key": "register_user.zip",
            "s3_object_version": null,
            "signing_job_arn": "",
            "signing_profile_version_arn": "",
            "skip_destroy": false,
            "snap_start": [],
            "source_code_hash": "",
            "source_code_size": 222420,
            "tags": null,
            "tags_all": {},
            "timeout": 3,
            "timeouts": null,
            "tracing_config": [
              {
                "mode": "PassThrough"
              }
            ],
            "version": "$LATEST",
            "vpc_config": []
          },
          "sensitive_attributes": [],
          "private": "eyJlMmJmYjczMC1lY2FhLTExZTYtOGY4OC0zNDM2M2JjN2M0YzAiOnsiY3JlYXRlIjo2MDAwMDAwMDAwMDAsImRlbGV0ZSI6NjAwMDAwMDAwMDAwLCJ1cGRhdGUiOjYwMDAwMDAwMDAwMH19",
          "dependencies": [
            "module.lambda_register_user.aws_iam_policy.cognito_access_policy",
            "module.lambda_register_user.aws_iam_role.lambda_exec_role",
            "module.lambda_register_user.aws_iam_role_policy_attachment.lambda_basic_execution",
            "module.lambda_register_user.aws_iam_role_policy_attachment.lambda_cognito_access",
            "module.lambda_register_user.aws_iam_role_policy_attachment.lambda_logs"
          ],
          "create_before_destroy": true
        }
      ]
    },
    {
      "module": "module.lambda_register_user",
      "mode": "managed",
      "type": "aws_lambda_permission",
      "name": "api_gateway",
      "provider": "provider[\"registry.terraform.io/hashicorp/aws\"]",
      "instances": [
        {
          "index_key": 0,
          "schema_version": 0,
          "attributes": {
            "action": "lambda:InvokeFunction",
            "event_source_token": null,
            "function_name": "register_user",
            "function_url_auth_type": null,
            "id": "AllowExecutionFromAPIGateway-0",
            "principal": "apigateway.amazonaws.com",
            "principal_org_id": null,
            "qualifier": "",
            "source_account": null,
            "source_arn": "arn:aws:execute-api:ap-south-1:211125304405:clxwfy5ti7/*/*/register_user",
            "statement_id": "AllowExecutionFromAPIGateway-0",
            "statement_id_prefix": ""
          },
          "sensitive_attributes": [],
          "private": "bnVsbA==",
          "dependencies": [
            "module.api_gateway.aws_api_gateway_rest_api.auth_api",
            "module.lambda_register_user.aws_iam_policy.cognito_access_policy",
            "module.lambda_register_user.aws_iam_role.lambda_exec_role",
            "module.lambda_register_user.aws_iam_role_policy_attachment.lambda_basic_execution",
            "module.lambda_register_user.aws_iam_role_policy_attachment.lambda_cognito_access",
            "module.lambda_register_user.aws_iam_role_policy_attachment.lambda_logs",
            "module.lambda_register_user.aws_lambda_function.lambda_function"
          ]
        }
      ]
    },
    {
      "module": "module.lambda_register_user",
      "mode": "managed",
      "type": "aws_lambda_permission",
      "name": "api_gateway_permission",
      "provider": "provider[\"registry.terraform.io/hashicorp/aws\"]",
      "instances": [
        {
          "schema_version": 0,
          "attributes": {
            "action": "lambda:InvokeFunction",
            "event_source_token": null,
            "function_name": "register_user",
            "function_url_auth_type": null,
            "id": "AllowExecutionFromAPIGateway",
            "principal": "apigateway.amazonaws.com",
            "principal_org_id": null,
            "qualifier": "",
            "source_account": null,
            "source_arn": "arn:aws:execute-api:ap-south-1:211125304405:clxwfy5ti7",
            "statement_id": "AllowExecutionFromAPIGateway",
            "statement_id_prefix": ""
          },
          "sensitive_attributes": [],
          "private": "bnVsbA==",
          "dependencies": [
            "module.api_gateway.aws_api_gateway_rest_api.auth_api",
            "module.lambda_register_user.aws_iam_policy.cognito_access_policy",
            "module.lambda_register_user.aws_iam_role.lambda_exec_role",
            "module.lambda_register_user.aws_iam_role_policy_attachment.lambda_basic_execution",
            "module.lambda_register_user.aws_iam_role_policy_attachment.lambda_cognito_access",
            "module.lambda_register_user.aws_iam_role_policy_attachment.lambda_logs",
            "module.lambda_register_user.aws_lambda_function.lambda_function"
          ]
        }
      ]
    },
    {
      "module": "module.lambda_unknown_user",
      "mode": "managed",
      "type": "aws_iam_policy",
      "name": "allow_invoke_register_user",
      "provider": "provider[\"registry.terraform.io/hashicorp/aws\"]",
      "instances": [
        {
          "schema_version": 0,
          "attributes": {
            "arn": "arn:aws:iam::211125304405:policy/AllowInvokeRegisterUser_unknown_user",
            "attachment_count": 0,
            "description": "Allow unknown_user Lambda to invoke register_user",
            "id": "arn:aws:iam::211125304405:policy/AllowInvokeRegisterUser_unknown_user",
            "name": "AllowInvokeRegisterUser_unknown_user",
            "name_prefix": "",
            "path": "/",
            "policy": "{\"Statement\":[{\"Action\":\"lambda:InvokeFunction\",\"Effect\":\"Allow\",\"Resource\":\"arn:aws:lambda:ap-south-1:211125304405:function:register_user\"}],\"Version\":\"2012-10-17\"}",
            "policy_id": "ANPATCKAMPRKYVALEHAQO",
            "tags": null,
            "tags_all": {}
          },
          "sensitive_attributes": [],
          "private": "bnVsbA=="
        }
      ]
    },
    {
      "module": "module.lambda_unknown_user",
      "mode": "managed",
      "type": "aws_iam_policy",
      "name": "cognito_access_policy",
      "provider": "provider[\"registry.terraform.io/hashicorp/aws\"]",
      "instances": [
        {
          "schema_version": 0,
          "attributes": {
            "arn": "arn:aws:iam::211125304405:policy/unknown_user_cognito_access",
            "attachment_count": 0,
            "description": "",
            "id": "arn:aws:iam::211125304405:policy/unknown_user_cognito_access",
            "name": "unknown_user_cognito_access",
            "name_prefix": "",
            "path": "/",
            "policy": "{\"Statement\":[{\"Action\":[\"cognito-idp:AdminCreateUser\",\"cognito-idp:AdminDeleteUser\",\"cognito-idp:AdminSetUserPassword\",\"cognito-idp:AdminUpdateUserAttributes\",\"cognito-idp:AdminAddUserToGroup\",\"cognito-idp:AdminRemoveUserFromGroup\"],\"Effect\":\"Allow\",\"Resource\":\"*\"}],\"Version\":\"2012-10-17\"}",
            "policy_id": "ANPATCKAMPRKSMEBYSRBI",
            "tags": null,
            "tags_all": {}
          },
          "sensitive_attributes": [],
          "private": "bnVsbA==",
          "create_before_destroy": true
        }
      ]
    },
    {
      "module": "module.lambda_unknown_user",
      "mode": "managed",
      "type": "aws_iam_policy",
      "name": "lambda_ses_send_email",
      "provider": "provider[\"registry.terraform.io/hashicorp/aws\"]",
      "instances": [
        {
          "schema_version": 0,
          "attributes": {
            "arn": "arn:aws:iam::211125304405:policy/unknown_user-ses-send-email-policy",
            "attachment_count": 0,
            "description": "",
            "id": "arn:aws:iam::211125304405:policy/unknown_user-ses-send-email-policy",
            "name": "unknown_user-ses-send-email-policy",
            "name_prefix": "",
            "path": "/",
            "policy": "{\"Statement\":[{\"Action\":\"ses:SendEmail\",\"Effect\":\"Allow\",\"Resource\":\"*\"}],\"Version\":\"2012-10-17\"}",
            "policy_id": "ANPATCKAMPRKXHYCWH3DT",
            "tags": null,
            "tags_all": {}
          },
          "sensitive_attributes": [],
          "private": "bnVsbA=="
        }
      ]
    },
    {
      "module": "module.lambda_unknown_user",
      "mode": "managed",
      "type": "aws_iam_role",
      "name": "lambda_exec_role",
      "provider": "provider[\"registry.terraform.io/hashicorp/aws\"]",
      "instances": [
        {
          "schema_version": 0,
          "attributes": {
            "arn": "arn:aws:iam::211125304405:role/unknown_user_execution_role",
            "assume_role_policy": "{\"Statement\":[{\"Action\":\"sts:AssumeRole\",\"Effect\":\"Allow\",\"Principal\":{\"Service\":\"lambda.amazonaws.com\"}}],\"Version\":\"2012-10-17\"}",
            "create_date": "2025-08-01T08:06:07Z",
            "description": "",
            "force_detach_policies": false,
            "id": "unknown_user_execution_role",
            "inline_policy": [],
            "managed_policy_arns": [],
            "max_session_duration": 3600,
            "name": "unknown_user_execution_role",
            "name_prefix": "",
            "path": "/",
            "permissions_boundary": "",
            "tags": null,
            "tags_all": {},
            "unique_id": "AROATCKAMPRK2VMGRBPCQ"
          },
          "sensitive_attributes": [],
          "private": "bnVsbA==",
          "create_before_destroy": true
        }
      ]
    },
    {
      "module": "module.lambda_unknown_user",
      "mode": "managed",
      "type": "aws_iam_role_policy_attachment",
      "name": "lambda_basic_execution",
      "provider": "provider[\"registry.terraform.io/hashicorp/aws\"]",
      "instances": [
        {
          "schema_version": 0,
          "attributes": {
            "id": "unknown_user_execution_role-2025080108060951130000000b",
            "policy_arn": "arn:aws:iam::aws:policy/service-role/AWSLambdaBasicExecutionRole",
            "role": "unknown_user_execution_role"
          },
          "sensitive_attributes": [],
          "private": "bnVsbA==",
          "dependencies": [
            "module.lambda_unknown_user.aws_iam_role.lambda_exec_role"
          ],
          "create_before_destroy": true
        }
      ]
    },
    {
      "module": "module.lambda_unknown_user",
      "mode": "managed",
      "type": "aws_iam_role_policy_attachment",
      "name": "lambda_cognito_access",
      "provider": "provider[\"registry.terraform.io/hashicorp/aws\"]",
      "instances": [
        {
          "schema_version": 0,
          "attributes": {
            "id": "unknown_user_execution_role-2025080108060946800000000a",
            "policy_arn": "arn:aws:iam::211125304405:policy/unknown_user_cognito_access",
            "role": "unknown_user_execution_role"
          },
          "sensitive_attributes": [],
          "private": "bnVsbA==",
          "dependencies": [
            "module.lambda_unknown_user.aws_iam_policy.cognito_access_policy",
            "module.lambda_unknown_user.aws_iam_role.lambda_exec_role"
          ],
          "create_before_destroy": true
        }
      ]
    },
    {
      "module": "module.lambda_unknown_user",
      "mode": "managed",
      "type": "aws_iam_role_policy_attachment",
      "name": "lambda_logs",
      "provider": "provider[\"registry.terraform.io/hashicorp/aws\"]",
      "instances": [
        {
          "schema_version": 0,
          "attributes": {
            "id": "unknown_user_execution_role-20250801080609439500000009",
            "policy_arn": "arn:aws:iam::aws:policy/service-role/AWSLambdaBasicExecutionRole",
            "role": "unknown_user_execution_role"
          },
          "sensitive_attributes": [],
          "private": "bnVsbA==",
          "dependencies": [
            "module.lambda_unknown_user.aws_iam_role.lambda_exec_role"
          ],
          "create_before_destroy": true
        }
      ]
    },
    {
      "module": "module.lambda_unknown_user",
      "mode": "managed",
      "type": "aws_iam_role_policy_attachment",
      "name": "lambda_ses_attach",
      "provider": "provider[\"registry.terraform.io/hashicorp/aws\"]",
      "instances": [
        {
          "schema_version": 0,
          "attributes": {
            "id": "unknown_user_execution_role-2025080108060960130000000c",
            "policy_arn": "arn:aws:iam::211125304405:policy/unknown_user-ses-send-email-policy",
            "role": "unknown_user_execution_role"
          },
          "sensitive_attributes": [],
          "private": "bnVsbA==",
          "dependencies": [
            "module.lambda_unknown_user.aws_iam_policy.lambda_ses_send_email",
            "module.lambda_unknown_user.aws_iam_role.lambda_exec_role"
          ]
        }
      ]
    },
    {
      "module": "module.lambda_unknown_user",
      "mode": "managed",
      "type": "aws_lambda_function",
      "name": "lambda_function",
      "provider": "provider[\"registry.terraform.io/hashicorp/aws\"]",
      "instances": [
        {
          "schema_version": 0,
          "attributes": {
            "architectures": [
              "x86_64"
            ],
            "arn": "arn:aws:lambda:ap-south-1:211125304405:function:unknown_user",
            "code_sha256": "7ddzFmb8b8OWh4/KusU0sMpfWj8c8KrwDI+DXQuP66U=",
            "code_signing_config_arn": "",
            "dead_letter_config": [],
            "description": "",
            "environment": [
              {
                "variables": {
                  "FROM_EMAIL": "rahul.khandelwal@granimals.com",
                  "REGISTER_FUNCTION_NAME": "register_user",
                  "USER_GROUPS": "client,admin,physiotherapist,nutritionist,guest_admin,guest_physio,guest_nutrition",
                  "USER_POOL_CLIENT_ID": "74oivi4jf3c7batf64b5g3spen",
                  "USER_POOL_ID": "ap-south-1_YjeFkbY7H"
                }
              }
            ],
            "ephemeral_storage": [
              {
                "size": 512
              }
            ],
            "file_system_config": [],
            "filename": null,
            "function_name": "unknown_user",
            "handler": "unknown_user.lambda_handler",
            "id": "unknown_user",
            "image_config": [],
            "image_uri": "",
            "invoke_arn": "arn:aws:apigateway:ap-south-1:lambda:path/2015-03-31/functions/arn:aws:lambda:ap-south-1:211125304405:function:unknown_user/invocations",
            "kms_key_arn": "",
            "last_modified": "2025-08-01T08:06:19.609+0000",
            "layers": null,
            "logging_config": [
              {
                "application_log_level": "",
                "log_format": "Text",
                "log_group": "/aws/lambda/unknown_user",
                "system_log_level": ""
              }
            ],
            "memory_size": 128,
            "package_type": "Zip",
            "publish": false,
            "qualified_arn": "arn:aws:lambda:ap-south-1:211125304405:function:unknown_user:$LATEST",
            "qualified_invoke_arn": "arn:aws:apigateway:ap-south-1:lambda:path/2015-03-31/functions/arn:aws:lambda:ap-south-1:211125304405:function:unknown_user:$LATEST/invocations",
            "replace_security_groups_on_destroy": null,
            "replacement_security_group_ids": null,
            "reserved_concurrent_executions": -1,
            "role": "arn:aws:iam::211125304405:role/unknown_user_execution_role",
            "runtime": "python3.12",
            "s3_bucket": "granimals-auth-lambdas",
            "s3_key": "unknown_user.zip",
            "s3_object_version": null,
            "signing_job_arn": "",
            "signing_profile_version_arn": "",
            "skip_destroy": false,
            "snap_start": [],
            "source_code_hash": "",
            "source_code_size": 222550,
            "tags": null,
            "tags_all": {},
            "timeout": 3,
            "timeouts": null,
            "tracing_config": [
              {
                "mode": "PassThrough"
              }
            ],
            "version": "$LATEST",
            "vpc_config": []
          },
          "sensitive_attributes": [],
          "private": "eyJlMmJmYjczMC1lY2FhLTExZTYtOGY4OC0zNDM2M2JjN2M0YzAiOnsiY3JlYXRlIjo2MDAwMDAwMDAwMDAsImRlbGV0ZSI6NjAwMDAwMDAwMDAwLCJ1cGRhdGUiOjYwMDAwMDAwMDAwMH19",
          "dependencies": [
            "module.lambda_register_user.aws_iam_policy.cognito_access_policy",
            "module.lambda_register_user.aws_iam_role.lambda_exec_role",
            "module.lambda_register_user.aws_iam_role_policy_attachment.lambda_basic_execution",
            "module.lambda_register_user.aws_iam_role_policy_attachment.lambda_cognito_access",
            "module.lambda_register_user.aws_iam_role_policy_attachment.lambda_logs",
            "module.lambda_register_user.aws_lambda_function.lambda_function",
            "module.lambda_unknown_user.aws_iam_policy.cognito_access_policy",
            "module.lambda_unknown_user.aws_iam_role.lambda_exec_role",
            "module.lambda_unknown_user.aws_iam_role_policy_attachment.lambda_basic_execution",
            "module.lambda_unknown_user.aws_iam_role_policy_attachment.lambda_cognito_access",
            "module.lambda_unknown_user.aws_iam_role_policy_attachment.lambda_logs"
          ],
          "create_before_destroy": true
        }
      ]
    },
    {
      "module": "module.lambda_unknown_user",
      "mode": "managed",
      "type": "aws_lambda_permission",
      "name": "api_gateway",
      "provider": "provider[\"registry.terraform.io/hashicorp/aws\"]",
      "instances": [
        {
          "index_key": 0,
          "schema_version": 0,
          "attributes": {
            "action": "lambda:InvokeFunction",
            "event_source_token": null,
            "function_name": "unknown_user",
            "function_url_auth_type": null,
            "id": "AllowExecutionFromAPIGateway-0",
            "principal": "apigateway.amazonaws.com",
            "principal_org_id": null,
            "qualifier": "",
            "source_account": null,
            "source_arn": "arn:aws:execute-api:ap-south-1:211125304405:clxwfy5ti7/*/*/unknown_user",
            "statement_id": "AllowExecutionFromAPIGateway-0",
            "statement_id_prefix": ""
          },
          "sensitive_attributes": [],
          "private": "bnVsbA==",
          "dependencies": [
            "module.api_gateway.aws_api_gateway_rest_api.auth_api",
            "module.lambda_register_user.aws_iam_policy.cognito_access_policy",
            "module.lambda_register_user.aws_iam_role.lambda_exec_role",
            "module.lambda_register_user.aws_iam_role_policy_attachment.lambda_basic_execution",
            "module.lambda_register_user.aws_iam_role_policy_attachment.lambda_cognito_access",
            "module.lambda_register_user.aws_iam_role_policy_attachment.lambda_logs",
            "module.lambda_register_user.aws_lambda_function.lambda_function",
            "module.lambda_unknown_user.aws_iam_policy.cognito_access_policy",
            "module.lambda_unknown_user.aws_iam_role.lambda_exec_role",
            "module.lambda_unknown_user.aws_iam_role_policy_attachment.lambda_basic_execution",
            "module.lambda_unknown_user.aws_iam_role_policy_attachment.lambda_cognito_access",
            "module.lambda_unknown_user.aws_iam_role_policy_attachment.lambda_logs",
            "module.lambda_unknown_user.aws_lambda_function.lambda_function"
          ]
        }
      ]
    },
    {
      "module": "module.lambda_unknown_user",
      "mode": "managed",
      "type": "aws_lambda_permission",
      "name": "api_gateway_permission",
      "provider": "provider[\"registry.terraform.io/hashicorp/aws\"]",
      "instances": [
        {
          "schema_version": 0,
          "attributes": {
            "action": "lambda:InvokeFunction",
            "event_source_token": null,
            "function_name": "unknown_user",
            "function_url_auth_type": null,
            "id": "AllowExecutionFromAPIGateway",
            "principal": "apigateway.amazonaws.com",
            "principal_org_id": null,
            "qualifier": "",
            "source_account": null,
            "source_arn": "arn:aws:execute-api:ap-south-1:211125304405:clxwfy5ti7",
            "statement_id": "AllowExecutionFromAPIGateway",
            "statement_id_prefix": ""
          },
          "sensitive_attributes": [],
          "private": "bnVsbA==",
          "dependencies": [
            "module.api_gateway.aws_api_gateway_rest_api.auth_api",
            "module.lambda_register_user.aws_iam_policy.cognito_access_policy",
            "module.lambda_register_user.aws_iam_role.lambda_exec_role",
            "module.lambda_register_user.aws_iam_role_policy_attachment.lambda_basic_execution",
            "module.lambda_register_user.aws_iam_role_policy_attachment.lambda_cognito_access",
            "module.lambda_register_user.aws_iam_role_policy_attachment.lambda_logs",
            "module.lambda_register_user.aws_lambda_function.lambda_function",
            "module.lambda_unknown_user.aws_iam_policy.cognito_access_policy",
            "module.lambda_unknown_user.aws_iam_role.lambda_exec_role",
            "module.lambda_unknown_user.aws_iam_role_policy_attachment.lambda_basic_execution",
            "module.lambda_unknown_user.aws_iam_role_policy_attachment.lambda_cognito_access",
            "module.lambda_unknown_user.aws_iam_role_policy_attachment.lambda_logs",
            "module.lambda_unknown_user.aws_lambda_function.lambda_function"
          ]
        }
      ]
    }
  ],
  "check_results": null
}
